// !$*UTF8*$!
{
	archiveVersion = 1;
	classes = {
	};
	objectVersion = 46;
	objects = {

/* Begin PBXBuildFile section */
		3E791658A2C7426D95C62011 /* libPods.a in Frameworks */ = {isa = PBXBuildFile; fileRef = 5A14442401A72DA6647E1B75 /* libPods.a */; };
		574700711A502D9C0018045B /* MenuViewController.m in Sources */ = {isa = PBXBuildFile; fileRef = 574700701A502D9C0018045B /* MenuViewController.m */; };
		579605EB1A48FECC0022E1B3 /* UIColor+hexColor.m in Sources */ = {isa = PBXBuildFile; fileRef = 579605EA1A48FECC0022E1B3 /* UIColor+hexColor.m */; };
		579606711A4943A10022E1B3 /* UIScrollView+GifPullToRefresh.m in Sources */ = {isa = PBXBuildFile; fileRef = 579606701A4943A10022E1B3 /* UIScrollView+GifPullToRefresh.m */; };
		579606741A4943DB0022E1B3 /* RefreshScrollView.m in Sources */ = {isa = PBXBuildFile; fileRef = 579606731A4943DB0022E1B3 /* RefreshScrollView.m */; };
		579606E51A49452F0022E1B3 /* sun_00000.png in Resources */ = {isa = PBXBuildFile; fileRef = 579606771A49452F0022E1B3 /* sun_00000.png */; };
		579606E61A49452F0022E1B3 /* sun_00001.png in Resources */ = {isa = PBXBuildFile; fileRef = 579606781A49452F0022E1B3 /* sun_00001.png */; };
		579606E71A49452F0022E1B3 /* sun_00002.png in Resources */ = {isa = PBXBuildFile; fileRef = 579606791A49452F0022E1B3 /* sun_00002.png */; };
		579606E81A49452F0022E1B3 /* sun_00003.png in Resources */ = {isa = PBXBuildFile; fileRef = 5796067A1A49452F0022E1B3 /* sun_00003.png */; };
		579606E91A49452F0022E1B3 /* sun_00004.png in Resources */ = {isa = PBXBuildFile; fileRef = 5796067B1A49452F0022E1B3 /* sun_00004.png */; };
		579606EA1A49452F0022E1B3 /* sun_00005.png in Resources */ = {isa = PBXBuildFile; fileRef = 5796067C1A49452F0022E1B3 /* sun_00005.png */; };
		579606EB1A49452F0022E1B3 /* sun_00006.png in Resources */ = {isa = PBXBuildFile; fileRef = 5796067D1A49452F0022E1B3 /* sun_00006.png */; };
		579606EC1A49452F0022E1B3 /* sun_00007.png in Resources */ = {isa = PBXBuildFile; fileRef = 5796067E1A49452F0022E1B3 /* sun_00007.png */; };
		579606ED1A49452F0022E1B3 /* sun_00008.png in Resources */ = {isa = PBXBuildFile; fileRef = 5796067F1A49452F0022E1B3 /* sun_00008.png */; };
		579606EE1A49452F0022E1B3 /* sun_00009.png in Resources */ = {isa = PBXBuildFile; fileRef = 579606801A49452F0022E1B3 /* sun_00009.png */; };
		579606EF1A49452F0022E1B3 /* sun_00010.png in Resources */ = {isa = PBXBuildFile; fileRef = 579606811A49452F0022E1B3 /* sun_00010.png */; };
		579606F01A49452F0022E1B3 /* sun_00011.png in Resources */ = {isa = PBXBuildFile; fileRef = 579606821A49452F0022E1B3 /* sun_00011.png */; };
		579606F11A49452F0022E1B3 /* sun_00012.png in Resources */ = {isa = PBXBuildFile; fileRef = 579606831A49452F0022E1B3 /* sun_00012.png */; };
		579606F21A49452F0022E1B3 /* sun_00013.png in Resources */ = {isa = PBXBuildFile; fileRef = 579606841A49452F0022E1B3 /* sun_00013.png */; };
		579606F31A49452F0022E1B3 /* sun_00014.png in Resources */ = {isa = PBXBuildFile; fileRef = 579606851A49452F0022E1B3 /* sun_00014.png */; };
		579606F41A49452F0022E1B3 /* sun_00015.png in Resources */ = {isa = PBXBuildFile; fileRef = 579606861A49452F0022E1B3 /* sun_00015.png */; };
		579606F51A49452F0022E1B3 /* sun_00016.png in Resources */ = {isa = PBXBuildFile; fileRef = 579606871A49452F0022E1B3 /* sun_00016.png */; };
		579606F61A49452F0022E1B3 /* sun_00017.png in Resources */ = {isa = PBXBuildFile; fileRef = 579606881A49452F0022E1B3 /* sun_00017.png */; };
		579606F71A49452F0022E1B3 /* sun_00018.png in Resources */ = {isa = PBXBuildFile; fileRef = 579606891A49452F0022E1B3 /* sun_00018.png */; };
		579606F81A49452F0022E1B3 /* sun_00019.png in Resources */ = {isa = PBXBuildFile; fileRef = 5796068A1A49452F0022E1B3 /* sun_00019.png */; };
		579606F91A49452F0022E1B3 /* sun_00020.png in Resources */ = {isa = PBXBuildFile; fileRef = 5796068B1A49452F0022E1B3 /* sun_00020.png */; };
		579606FA1A49452F0022E1B3 /* sun_00021.png in Resources */ = {isa = PBXBuildFile; fileRef = 5796068C1A49452F0022E1B3 /* sun_00021.png */; };
		579606FB1A49452F0022E1B3 /* sun_00022.png in Resources */ = {isa = PBXBuildFile; fileRef = 5796068D1A49452F0022E1B3 /* sun_00022.png */; };
		579606FC1A49452F0022E1B3 /* sun_00023.png in Resources */ = {isa = PBXBuildFile; fileRef = 5796068E1A49452F0022E1B3 /* sun_00023.png */; };
		579606FD1A49452F0022E1B3 /* sun_00024.png in Resources */ = {isa = PBXBuildFile; fileRef = 5796068F1A49452F0022E1B3 /* sun_00024.png */; };
		579606FE1A49452F0022E1B3 /* sun_00025.png in Resources */ = {isa = PBXBuildFile; fileRef = 579606901A49452F0022E1B3 /* sun_00025.png */; };
		579606FF1A49452F0022E1B3 /* sun_00026.png in Resources */ = {isa = PBXBuildFile; fileRef = 579606911A49452F0022E1B3 /* sun_00026.png */; };
		579607001A49452F0022E1B3 /* sun_00027.png in Resources */ = {isa = PBXBuildFile; fileRef = 579606921A49452F0022E1B3 /* sun_00027.png */; };
		579607011A49452F0022E1B3 /* sun_00028.png in Resources */ = {isa = PBXBuildFile; fileRef = 579606931A49452F0022E1B3 /* sun_00028.png */; };
		579607021A49452F0022E1B3 /* sun_00029.png in Resources */ = {isa = PBXBuildFile; fileRef = 579606941A49452F0022E1B3 /* sun_00029.png */; };
		579607031A49452F0022E1B3 /* sun_00030.png in Resources */ = {isa = PBXBuildFile; fileRef = 579606951A49452F0022E1B3 /* sun_00030.png */; };
		579607041A49452F0022E1B3 /* sun_00031.png in Resources */ = {isa = PBXBuildFile; fileRef = 579606961A49452F0022E1B3 /* sun_00031.png */; };
		579607051A49452F0022E1B3 /* sun_00032.png in Resources */ = {isa = PBXBuildFile; fileRef = 579606971A49452F0022E1B3 /* sun_00032.png */; };
		579607061A49452F0022E1B3 /* sun_00033.png in Resources */ = {isa = PBXBuildFile; fileRef = 579606981A49452F0022E1B3 /* sun_00033.png */; };
		579607071A49452F0022E1B3 /* sun_00034.png in Resources */ = {isa = PBXBuildFile; fileRef = 579606991A49452F0022E1B3 /* sun_00034.png */; };
		579607081A49452F0022E1B3 /* sun_00035.png in Resources */ = {isa = PBXBuildFile; fileRef = 5796069A1A49452F0022E1B3 /* sun_00035.png */; };
		579607091A49452F0022E1B3 /* sun_00036.png in Resources */ = {isa = PBXBuildFile; fileRef = 5796069B1A49452F0022E1B3 /* sun_00036.png */; };
		5796070A1A49452F0022E1B3 /* sun_00037.png in Resources */ = {isa = PBXBuildFile; fileRef = 5796069C1A49452F0022E1B3 /* sun_00037.png */; };
		5796070B1A49452F0022E1B3 /* sun_00038.png in Resources */ = {isa = PBXBuildFile; fileRef = 5796069D1A49452F0022E1B3 /* sun_00038.png */; };
		5796070C1A49452F0022E1B3 /* sun_00039.png in Resources */ = {isa = PBXBuildFile; fileRef = 5796069E1A49452F0022E1B3 /* sun_00039.png */; };
		5796070D1A49452F0022E1B3 /* sun_00040.png in Resources */ = {isa = PBXBuildFile; fileRef = 5796069F1A49452F0022E1B3 /* sun_00040.png */; };
		5796070E1A49452F0022E1B3 /* sun_00041.png in Resources */ = {isa = PBXBuildFile; fileRef = 579606A01A49452F0022E1B3 /* sun_00041.png */; };
		5796070F1A49452F0022E1B3 /* sun_00042.png in Resources */ = {isa = PBXBuildFile; fileRef = 579606A11A49452F0022E1B3 /* sun_00042.png */; };
		579607101A49452F0022E1B3 /* sun_00043.png in Resources */ = {isa = PBXBuildFile; fileRef = 579606A21A49452F0022E1B3 /* sun_00043.png */; };
		579607111A49452F0022E1B3 /* sun_00044.png in Resources */ = {isa = PBXBuildFile; fileRef = 579606A31A49452F0022E1B3 /* sun_00044.png */; };
		579607121A49452F0022E1B3 /* sun_00045.png in Resources */ = {isa = PBXBuildFile; fileRef = 579606A41A49452F0022E1B3 /* sun_00045.png */; };
		579607131A49452F0022E1B3 /* sun_00046.png in Resources */ = {isa = PBXBuildFile; fileRef = 579606A51A49452F0022E1B3 /* sun_00046.png */; };
		579607141A49452F0022E1B3 /* sun_00047.png in Resources */ = {isa = PBXBuildFile; fileRef = 579606A61A49452F0022E1B3 /* sun_00047.png */; };
		579607151A49452F0022E1B3 /* sun_00048.png in Resources */ = {isa = PBXBuildFile; fileRef = 579606A71A49452F0022E1B3 /* sun_00048.png */; };
		579607161A49452F0022E1B3 /* sun_00049.png in Resources */ = {isa = PBXBuildFile; fileRef = 579606A81A49452F0022E1B3 /* sun_00049.png */; };
		579607171A49452F0022E1B3 /* sun_00050.png in Resources */ = {isa = PBXBuildFile; fileRef = 579606A91A49452F0022E1B3 /* sun_00050.png */; };
		579607181A49452F0022E1B3 /* sun_00051.png in Resources */ = {isa = PBXBuildFile; fileRef = 579606AA1A49452F0022E1B3 /* sun_00051.png */; };
		579607191A49452F0022E1B3 /* sun_00052.png in Resources */ = {isa = PBXBuildFile; fileRef = 579606AB1A49452F0022E1B3 /* sun_00052.png */; };
		5796071A1A49452F0022E1B3 /* sun_00053.png in Resources */ = {isa = PBXBuildFile; fileRef = 579606AC1A49452F0022E1B3 /* sun_00053.png */; };
		5796071B1A49452F0022E1B3 /* sun_00054.png in Resources */ = {isa = PBXBuildFile; fileRef = 579606AD1A49452F0022E1B3 /* sun_00054.png */; };
		5796071C1A49452F0022E1B3 /* sun_00055.png in Resources */ = {isa = PBXBuildFile; fileRef = 579606AE1A49452F0022E1B3 /* sun_00055.png */; };
		5796071D1A49452F0022E1B3 /* sun_00056.png in Resources */ = {isa = PBXBuildFile; fileRef = 579606AF1A49452F0022E1B3 /* sun_00056.png */; };
		5796071E1A49452F0022E1B3 /* sun_00057.png in Resources */ = {isa = PBXBuildFile; fileRef = 579606B01A49452F0022E1B3 /* sun_00057.png */; };
		5796071F1A49452F0022E1B3 /* sun_00058.png in Resources */ = {isa = PBXBuildFile; fileRef = 579606B11A49452F0022E1B3 /* sun_00058.png */; };
		579607201A49452F0022E1B3 /* sun_00059.png in Resources */ = {isa = PBXBuildFile; fileRef = 579606B21A49452F0022E1B3 /* sun_00059.png */; };
		579607211A49452F0022E1B3 /* sun_00060.png in Resources */ = {isa = PBXBuildFile; fileRef = 579606B31A49452F0022E1B3 /* sun_00060.png */; };
		579607221A49452F0022E1B3 /* sun_00061.png in Resources */ = {isa = PBXBuildFile; fileRef = 579606B41A49452F0022E1B3 /* sun_00061.png */; };
		579607231A49452F0022E1B3 /* sun_00062.png in Resources */ = {isa = PBXBuildFile; fileRef = 579606B51A49452F0022E1B3 /* sun_00062.png */; };
		579607241A49452F0022E1B3 /* sun_00063.png in Resources */ = {isa = PBXBuildFile; fileRef = 579606B61A49452F0022E1B3 /* sun_00063.png */; };
		579607251A49452F0022E1B3 /* sun_00064.png in Resources */ = {isa = PBXBuildFile; fileRef = 579606B71A49452F0022E1B3 /* sun_00064.png */; };
		579607261A49452F0022E1B3 /* sun_00065.png in Resources */ = {isa = PBXBuildFile; fileRef = 579606B81A49452F0022E1B3 /* sun_00065.png */; };
		579607271A49452F0022E1B3 /* sun_00066.png in Resources */ = {isa = PBXBuildFile; fileRef = 579606B91A49452F0022E1B3 /* sun_00066.png */; };
		579607281A49452F0022E1B3 /* sun_00067.png in Resources */ = {isa = PBXBuildFile; fileRef = 579606BA1A49452F0022E1B3 /* sun_00067.png */; };
		579607291A49452F0022E1B3 /* sun_00068.png in Resources */ = {isa = PBXBuildFile; fileRef = 579606BB1A49452F0022E1B3 /* sun_00068.png */; };
		5796072A1A49452F0022E1B3 /* sun_00069.png in Resources */ = {isa = PBXBuildFile; fileRef = 579606BC1A49452F0022E1B3 /* sun_00069.png */; };
		5796072B1A49452F0022E1B3 /* sun_00070.png in Resources */ = {isa = PBXBuildFile; fileRef = 579606BD1A49452F0022E1B3 /* sun_00070.png */; };
		5796072C1A49452F0022E1B3 /* sun_00071.png in Resources */ = {isa = PBXBuildFile; fileRef = 579606BE1A49452F0022E1B3 /* sun_00071.png */; };
		5796072D1A49452F0022E1B3 /* sun_00072.png in Resources */ = {isa = PBXBuildFile; fileRef = 579606BF1A49452F0022E1B3 /* sun_00072.png */; };
		5796072E1A49452F0022E1B3 /* sun_00073.png in Resources */ = {isa = PBXBuildFile; fileRef = 579606C01A49452F0022E1B3 /* sun_00073.png */; };
		5796072F1A49452F0022E1B3 /* sun_00074.png in Resources */ = {isa = PBXBuildFile; fileRef = 579606C11A49452F0022E1B3 /* sun_00074.png */; };
		579607301A49452F0022E1B3 /* sun_00075.png in Resources */ = {isa = PBXBuildFile; fileRef = 579606C21A49452F0022E1B3 /* sun_00075.png */; };
		579607311A49452F0022E1B3 /* sun_00076.png in Resources */ = {isa = PBXBuildFile; fileRef = 579606C31A49452F0022E1B3 /* sun_00076.png */; };
		579607321A49452F0022E1B3 /* sun_00077.png in Resources */ = {isa = PBXBuildFile; fileRef = 579606C41A49452F0022E1B3 /* sun_00077.png */; };
		579607331A49452F0022E1B3 /* sun_00078.png in Resources */ = {isa = PBXBuildFile; fileRef = 579606C51A49452F0022E1B3 /* sun_00078.png */; };
		579607341A49452F0022E1B3 /* sun_00079.png in Resources */ = {isa = PBXBuildFile; fileRef = 579606C61A49452F0022E1B3 /* sun_00079.png */; };
		579607351A49452F0022E1B3 /* sun_00080.png in Resources */ = {isa = PBXBuildFile; fileRef = 579606C71A49452F0022E1B3 /* sun_00080.png */; };
		579607361A49452F0022E1B3 /* sun_00081.png in Resources */ = {isa = PBXBuildFile; fileRef = 579606C81A49452F0022E1B3 /* sun_00081.png */; };
		579607371A49452F0022E1B3 /* sun_00082.png in Resources */ = {isa = PBXBuildFile; fileRef = 579606C91A49452F0022E1B3 /* sun_00082.png */; };
		579607381A49452F0022E1B3 /* sun_00083.png in Resources */ = {isa = PBXBuildFile; fileRef = 579606CA1A49452F0022E1B3 /* sun_00083.png */; };
		579607391A49452F0022E1B3 /* sun_00084.png in Resources */ = {isa = PBXBuildFile; fileRef = 579606CB1A49452F0022E1B3 /* sun_00084.png */; };
		5796073A1A49452F0022E1B3 /* sun_00085.png in Resources */ = {isa = PBXBuildFile; fileRef = 579606CC1A49452F0022E1B3 /* sun_00085.png */; };
		5796073B1A49452F0022E1B3 /* sun_00086.png in Resources */ = {isa = PBXBuildFile; fileRef = 579606CD1A49452F0022E1B3 /* sun_00086.png */; };
		5796073C1A49452F0022E1B3 /* sun_00087.png in Resources */ = {isa = PBXBuildFile; fileRef = 579606CE1A49452F0022E1B3 /* sun_00087.png */; };
		5796073D1A49452F0022E1B3 /* sun_00088.png in Resources */ = {isa = PBXBuildFile; fileRef = 579606CF1A49452F0022E1B3 /* sun_00088.png */; };
		5796073E1A49452F0022E1B3 /* sun_00089.png in Resources */ = {isa = PBXBuildFile; fileRef = 579606D01A49452F0022E1B3 /* sun_00089.png */; };
		5796073F1A49452F0022E1B3 /* sun_00090.png in Resources */ = {isa = PBXBuildFile; fileRef = 579606D11A49452F0022E1B3 /* sun_00090.png */; };
		579607401A49452F0022E1B3 /* sun_00091.png in Resources */ = {isa = PBXBuildFile; fileRef = 579606D21A49452F0022E1B3 /* sun_00091.png */; };
		579607411A49452F0022E1B3 /* sun_00092.png in Resources */ = {isa = PBXBuildFile; fileRef = 579606D31A49452F0022E1B3 /* sun_00092.png */; };
		579607421A49452F0022E1B3 /* sun_00093.png in Resources */ = {isa = PBXBuildFile; fileRef = 579606D41A49452F0022E1B3 /* sun_00093.png */; };
		579607431A49452F0022E1B3 /* sun_00094.png in Resources */ = {isa = PBXBuildFile; fileRef = 579606D51A49452F0022E1B3 /* sun_00094.png */; };
		579607441A49452F0022E1B3 /* sun_00095.png in Resources */ = {isa = PBXBuildFile; fileRef = 579606D61A49452F0022E1B3 /* sun_00095.png */; };
		579607451A49452F0022E1B3 /* sun_00096.png in Resources */ = {isa = PBXBuildFile; fileRef = 579606D71A49452F0022E1B3 /* sun_00096.png */; };
		579607461A49452F0022E1B3 /* sun_00097.png in Resources */ = {isa = PBXBuildFile; fileRef = 579606D81A49452F0022E1B3 /* sun_00097.png */; };
		579607471A49452F0022E1B3 /* sun_00098.png in Resources */ = {isa = PBXBuildFile; fileRef = 579606D91A49452F0022E1B3 /* sun_00098.png */; };
		579607481A49452F0022E1B3 /* sun_00099.png in Resources */ = {isa = PBXBuildFile; fileRef = 579606DA1A49452F0022E1B3 /* sun_00099.png */; };
		579607491A49452F0022E1B3 /* sun_00100.png in Resources */ = {isa = PBXBuildFile; fileRef = 579606DB1A49452F0022E1B3 /* sun_00100.png */; };
		5796074A1A49452F0022E1B3 /* sun_00101.png in Resources */ = {isa = PBXBuildFile; fileRef = 579606DC1A49452F0022E1B3 /* sun_00101.png */; };
		5796074B1A49452F0022E1B3 /* sun_00102.png in Resources */ = {isa = PBXBuildFile; fileRef = 579606DD1A49452F0022E1B3 /* sun_00102.png */; };
		5796074C1A49452F0022E1B3 /* sun_00103.png in Resources */ = {isa = PBXBuildFile; fileRef = 579606DE1A49452F0022E1B3 /* sun_00103.png */; };
		5796074D1A49452F0022E1B3 /* sun_00104.png in Resources */ = {isa = PBXBuildFile; fileRef = 579606DF1A49452F0022E1B3 /* sun_00104.png */; };
		5796074E1A49452F0022E1B3 /* sun_00105.png in Resources */ = {isa = PBXBuildFile; fileRef = 579606E01A49452F0022E1B3 /* sun_00105.png */; };
		5796074F1A49452F0022E1B3 /* sun_00106.png in Resources */ = {isa = PBXBuildFile; fileRef = 579606E11A49452F0022E1B3 /* sun_00106.png */; };
		579607501A49452F0022E1B3 /* sun_00107.png in Resources */ = {isa = PBXBuildFile; fileRef = 579606E21A49452F0022E1B3 /* sun_00107.png */; };
		579607511A49452F0022E1B3 /* sun_00108.png in Resources */ = {isa = PBXBuildFile; fileRef = 579606E31A49452F0022E1B3 /* sun_00108.png */; };
		579607521A49452F0022E1B3 /* sun_00109.png in Resources */ = {isa = PBXBuildFile; fileRef = 579606E41A49452F0022E1B3 /* sun_00109.png */; };
		5796EC561A45AC8F0010CA73 /* WoeidNetOperation.m in Sources */ = {isa = PBXBuildFile; fileRef = 5796EC551A45AC8F0010CA73 /* WoeidNetOperation.m */; };
		5796EC591A45ACA40010CA73 /* WoeidModel.m in Sources */ = {isa = PBXBuildFile; fileRef = 5796EC581A45ACA40010CA73 /* WoeidModel.m */; };
		579AEB991A42A8A200C9AC1B /* ViewController.m in Sources */ = {isa = PBXBuildFile; fileRef = 579AEB7E1A42A8A200C9AC1B /* ViewController.m */; };
		579AEBAC1A42AB0E00C9AC1B /* RYNetOperation.m in Sources */ = {isa = PBXBuildFile; fileRef = 579AEBA91A42AB0E00C9AC1B /* RYNetOperation.m */; };
		579AEBAD1A42AB0E00C9AC1B /* RYRequest.m in Sources */ = {isa = PBXBuildFile; fileRef = 579AEBAB1A42AB0E00C9AC1B /* RYRequest.m */; };
		57CB0F3D1A46439800A83DC3 /* NSDictionary+OperationURL.m in Sources */ = {isa = PBXBuildFile; fileRef = 57CB0F3C1A46439800A83DC3 /* NSDictionary+OperationURL.m */; };
		57CB0F4A1A4659F500A83DC3 /* RYViewController.m in Sources */ = {isa = PBXBuildFile; fileRef = 57CB0F491A4659F500A83DC3 /* RYViewController.m */; };
		57CB0F4E1A4668CF00A83DC3 /* WeatherNetOperation.m in Sources */ = {isa = PBXBuildFile; fileRef = 57CB0F4D1A4668CF00A83DC3 /* WeatherNetOperation.m */; };
		57CB0F511A4668E500A83DC3 /* WeatherModel.m in Sources */ = {isa = PBXBuildFile; fileRef = 57CB0F501A4668E500A83DC3 /* WeatherModel.m */; };
		57CB0F561A466EC300A83DC3 /* ForeCastModel.m in Sources */ = {isa = PBXBuildFile; fileRef = 57CB0F551A466EC300A83DC3 /* ForeCastModel.m */; };
		57CB0F591A4671B400A83DC3 /* ConditionModel.m in Sources */ = {isa = PBXBuildFile; fileRef = 57CB0F581A4671B400A83DC3 /* ConditionModel.m */; };
		57CB0F5D1A469F3800A83DC3 /* RYNetObserver.m in Sources */ = {isa = PBXBuildFile; fileRef = 57CB0F5C1A469F3800A83DC3 /* RYNetObserver.m */; };
		57CD73E81A46D40E00A00DF3 /* RYModel.m in Sources */ = {isa = PBXBuildFile; fileRef = 57CD73E71A46D40E00A00DF3 /* RYModel.m */; };
		57CD73EC1A46EC4E00A00DF3 /* RYCache.m in Sources */ = {isa = PBXBuildFile; fileRef = 57CD73EB1A46EC4E00A00DF3 /* RYCache.m */; };
		57CF3BF21A4A8BE800E2489F /* PanView.m in Sources */ = {isa = PBXBuildFile; fileRef = 57CF3BF11A4A8BE800E2489F /* PanView.m */; };
		57CF3BF51A4A997D00E2489F /* PanModel.m in Sources */ = {isa = PBXBuildFile; fileRef = 57CF3BF41A4A997D00E2489F /* PanModel.m */; };
		57D362321A513B7A0080BFC2 /* NavigationView.m in Sources */ = {isa = PBXBuildFile; fileRef = 57D362311A513B7A0080BFC2 /* NavigationView.m */; };
		57D362351A5146690080BFC2 /* SearchTableViewController.m in Sources */ = {isa = PBXBuildFile; fileRef = 57D362341A5146690080BFC2 /* SearchTableViewController.m */; };
		57DC65D31A52374000842AD4 /* RYLocationManager.m in Sources */ = {isa = PBXBuildFile; fileRef = 57DC65D21A52374000842AD4 /* RYLocationManager.m */; };
		A40902041A37302C00EE891E /* main.m in Sources */ = {isa = PBXBuildFile; fileRef = A40902031A37302C00EE891E /* main.m */; };
		A40902071A37302C00EE891E /* AppDelegate.m in Sources */ = {isa = PBXBuildFile; fileRef = A40902061A37302C00EE891E /* AppDelegate.m */; };
		A409020F1A37302C00EE891E /* Images.xcassets in Resources */ = {isa = PBXBuildFile; fileRef = A409020E1A37302C00EE891E /* Images.xcassets */; };
		A409021E1A37302C00EE891E /* TestTeamWorkTests.m in Sources */ = {isa = PBXBuildFile; fileRef = A409021D1A37302C00EE891E /* TestTeamWorkTests.m */; };
/* End PBXBuildFile section */

/* Begin PBXContainerItemProxy section */
		A40902181A37302C00EE891E /* PBXContainerItemProxy */ = {
			isa = PBXContainerItemProxy;
			containerPortal = A40901F61A37302C00EE891E /* Project object */;
			proxyType = 1;
			remoteGlobalIDString = A40901FD1A37302C00EE891E;
			remoteInfo = TestTeamWork;
		};
/* End PBXContainerItemProxy section */

/* Begin PBXFileReference section */
		5747006F1A502D9C0018045B /* MenuViewController.h */ = {isa = PBXFileReference; fileEncoding = 4; lastKnownFileType = sourcecode.c.h; path = MenuViewController.h; sourceTree = "<group>"; };
		574700701A502D9C0018045B /* MenuViewController.m */ = {isa = PBXFileReference; fileEncoding = 4; lastKnownFileType = sourcecode.c.objc; path = MenuViewController.m; sourceTree = "<group>"; };
		579605E91A48FECC0022E1B3 /* UIColor+hexColor.h */ = {isa = PBXFileReference; fileEncoding = 4; lastKnownFileType = sourcecode.c.h; path = "UIColor+hexColor.h"; sourceTree = "<group>"; };
		579605EA1A48FECC0022E1B3 /* UIColor+hexColor.m */ = {isa = PBXFileReference; fileEncoding = 4; lastKnownFileType = sourcecode.c.objc; path = "UIColor+hexColor.m"; sourceTree = "<group>"; };
		5796066F1A4943A10022E1B3 /* UIScrollView+GifPullToRefresh.h */ = {isa = PBXFileReference; fileEncoding = 4; lastKnownFileType = sourcecode.c.h; path = "UIScrollView+GifPullToRefresh.h"; sourceTree = "<group>"; };
		579606701A4943A10022E1B3 /* UIScrollView+GifPullToRefresh.m */ = {isa = PBXFileReference; fileEncoding = 4; lastKnownFileType = sourcecode.c.objc; path = "UIScrollView+GifPullToRefresh.m"; sourceTree = "<group>"; };
		579606721A4943DB0022E1B3 /* RefreshScrollView.h */ = {isa = PBXFileReference; fileEncoding = 4; lastKnownFileType = sourcecode.c.h; path = RefreshScrollView.h; sourceTree = "<group>"; };
		579606731A4943DB0022E1B3 /* RefreshScrollView.m */ = {isa = PBXFileReference; fileEncoding = 4; lastKnownFileType = sourcecode.c.objc; path = RefreshScrollView.m; sourceTree = "<group>"; };
		579606771A49452F0022E1B3 /* sun_00000.png */ = {isa = PBXFileReference; lastKnownFileType = image.png; path = sun_00000.png; sourceTree = "<group>"; };
		579606781A49452F0022E1B3 /* sun_00001.png */ = {isa = PBXFileReference; lastKnownFileType = image.png; path = sun_00001.png; sourceTree = "<group>"; };
		579606791A49452F0022E1B3 /* sun_00002.png */ = {isa = PBXFileReference; lastKnownFileType = image.png; path = sun_00002.png; sourceTree = "<group>"; };
		5796067A1A49452F0022E1B3 /* sun_00003.png */ = {isa = PBXFileReference; lastKnownFileType = image.png; path = sun_00003.png; sourceTree = "<group>"; };
		5796067B1A49452F0022E1B3 /* sun_00004.png */ = {isa = PBXFileReference; lastKnownFileType = image.png; path = sun_00004.png; sourceTree = "<group>"; };
		5796067C1A49452F0022E1B3 /* sun_00005.png */ = {isa = PBXFileReference; lastKnownFileType = image.png; path = sun_00005.png; sourceTree = "<group>"; };
		5796067D1A49452F0022E1B3 /* sun_00006.png */ = {isa = PBXFileReference; lastKnownFileType = image.png; path = sun_00006.png; sourceTree = "<group>"; };
		5796067E1A49452F0022E1B3 /* sun_00007.png */ = {isa = PBXFileReference; lastKnownFileType = image.png; path = sun_00007.png; sourceTree = "<group>"; };
		5796067F1A49452F0022E1B3 /* sun_00008.png */ = {isa = PBXFileReference; lastKnownFileType = image.png; path = sun_00008.png; sourceTree = "<group>"; };
		579606801A49452F0022E1B3 /* sun_00009.png */ = {isa = PBXFileReference; lastKnownFileType = image.png; path = sun_00009.png; sourceTree = "<group>"; };
		579606811A49452F0022E1B3 /* sun_00010.png */ = {isa = PBXFileReference; lastKnownFileType = image.png; path = sun_00010.png; sourceTree = "<group>"; };
		579606821A49452F0022E1B3 /* sun_00011.png */ = {isa = PBXFileReference; lastKnownFileType = image.png; path = sun_00011.png; sourceTree = "<group>"; };
		579606831A49452F0022E1B3 /* sun_00012.png */ = {isa = PBXFileReference; lastKnownFileType = image.png; path = sun_00012.png; sourceTree = "<group>"; };
		579606841A49452F0022E1B3 /* sun_00013.png */ = {isa = PBXFileReference; lastKnownFileType = image.png; path = sun_00013.png; sourceTree = "<group>"; };
		579606851A49452F0022E1B3 /* sun_00014.png */ = {isa = PBXFileReference; lastKnownFileType = image.png; path = sun_00014.png; sourceTree = "<group>"; };
		579606861A49452F0022E1B3 /* sun_00015.png */ = {isa = PBXFileReference; lastKnownFileType = image.png; path = sun_00015.png; sourceTree = "<group>"; };
		579606871A49452F0022E1B3 /* sun_00016.png */ = {isa = PBXFileReference; lastKnownFileType = image.png; path = sun_00016.png; sourceTree = "<group>"; };
		579606881A49452F0022E1B3 /* sun_00017.png */ = {isa = PBXFileReference; lastKnownFileType = image.png; path = sun_00017.png; sourceTree = "<group>"; };
		579606891A49452F0022E1B3 /* sun_00018.png */ = {isa = PBXFileReference; lastKnownFileType = image.png; path = sun_00018.png; sourceTree = "<group>"; };
		5796068A1A49452F0022E1B3 /* sun_00019.png */ = {isa = PBXFileReference; lastKnownFileType = image.png; path = sun_00019.png; sourceTree = "<group>"; };
		5796068B1A49452F0022E1B3 /* sun_00020.png */ = {isa = PBXFileReference; lastKnownFileType = image.png; path = sun_00020.png; sourceTree = "<group>"; };
		5796068C1A49452F0022E1B3 /* sun_00021.png */ = {isa = PBXFileReference; lastKnownFileType = image.png; path = sun_00021.png; sourceTree = "<group>"; };
		5796068D1A49452F0022E1B3 /* sun_00022.png */ = {isa = PBXFileReference; lastKnownFileType = image.png; path = sun_00022.png; sourceTree = "<group>"; };
		5796068E1A49452F0022E1B3 /* sun_00023.png */ = {isa = PBXFileReference; lastKnownFileType = image.png; path = sun_00023.png; sourceTree = "<group>"; };
		5796068F1A49452F0022E1B3 /* sun_00024.png */ = {isa = PBXFileReference; lastKnownFileType = image.png; path = sun_00024.png; sourceTree = "<group>"; };
		579606901A49452F0022E1B3 /* sun_00025.png */ = {isa = PBXFileReference; lastKnownFileType = image.png; path = sun_00025.png; sourceTree = "<group>"; };
		579606911A49452F0022E1B3 /* sun_00026.png */ = {isa = PBXFileReference; lastKnownFileType = image.png; path = sun_00026.png; sourceTree = "<group>"; };
		579606921A49452F0022E1B3 /* sun_00027.png */ = {isa = PBXFileReference; lastKnownFileType = image.png; path = sun_00027.png; sourceTree = "<group>"; };
		579606931A49452F0022E1B3 /* sun_00028.png */ = {isa = PBXFileReference; lastKnownFileType = image.png; path = sun_00028.png; sourceTree = "<group>"; };
		579606941A49452F0022E1B3 /* sun_00029.png */ = {isa = PBXFileReference; lastKnownFileType = image.png; path = sun_00029.png; sourceTree = "<group>"; };
		579606951A49452F0022E1B3 /* sun_00030.png */ = {isa = PBXFileReference; lastKnownFileType = image.png; path = sun_00030.png; sourceTree = "<group>"; };
		579606961A49452F0022E1B3 /* sun_00031.png */ = {isa = PBXFileReference; lastKnownFileType = image.png; path = sun_00031.png; sourceTree = "<group>"; };
		579606971A49452F0022E1B3 /* sun_00032.png */ = {isa = PBXFileReference; lastKnownFileType = image.png; path = sun_00032.png; sourceTree = "<group>"; };
		579606981A49452F0022E1B3 /* sun_00033.png */ = {isa = PBXFileReference; lastKnownFileType = image.png; path = sun_00033.png; sourceTree = "<group>"; };
		579606991A49452F0022E1B3 /* sun_00034.png */ = {isa = PBXFileReference; lastKnownFileType = image.png; path = sun_00034.png; sourceTree = "<group>"; };
		5796069A1A49452F0022E1B3 /* sun_00035.png */ = {isa = PBXFileReference; lastKnownFileType = image.png; path = sun_00035.png; sourceTree = "<group>"; };
		5796069B1A49452F0022E1B3 /* sun_00036.png */ = {isa = PBXFileReference; lastKnownFileType = image.png; path = sun_00036.png; sourceTree = "<group>"; };
		5796069C1A49452F0022E1B3 /* sun_00037.png */ = {isa = PBXFileReference; lastKnownFileType = image.png; path = sun_00037.png; sourceTree = "<group>"; };
		5796069D1A49452F0022E1B3 /* sun_00038.png */ = {isa = PBXFileReference; lastKnownFileType = image.png; path = sun_00038.png; sourceTree = "<group>"; };
		5796069E1A49452F0022E1B3 /* sun_00039.png */ = {isa = PBXFileReference; lastKnownFileType = image.png; path = sun_00039.png; sourceTree = "<group>"; };
		5796069F1A49452F0022E1B3 /* sun_00040.png */ = {isa = PBXFileReference; lastKnownFileType = image.png; path = sun_00040.png; sourceTree = "<group>"; };
		579606A01A49452F0022E1B3 /* sun_00041.png */ = {isa = PBXFileReference; lastKnownFileType = image.png; path = sun_00041.png; sourceTree = "<group>"; };
		579606A11A49452F0022E1B3 /* sun_00042.png */ = {isa = PBXFileReference; lastKnownFileType = image.png; path = sun_00042.png; sourceTree = "<group>"; };
		579606A21A49452F0022E1B3 /* sun_00043.png */ = {isa = PBXFileReference; lastKnownFileType = image.png; path = sun_00043.png; sourceTree = "<group>"; };
		579606A31A49452F0022E1B3 /* sun_00044.png */ = {isa = PBXFileReference; lastKnownFileType = image.png; path = sun_00044.png; sourceTree = "<group>"; };
		579606A41A49452F0022E1B3 /* sun_00045.png */ = {isa = PBXFileReference; lastKnownFileType = image.png; path = sun_00045.png; sourceTree = "<group>"; };
		579606A51A49452F0022E1B3 /* sun_00046.png */ = {isa = PBXFileReference; lastKnownFileType = image.png; path = sun_00046.png; sourceTree = "<group>"; };
		579606A61A49452F0022E1B3 /* sun_00047.png */ = {isa = PBXFileReference; lastKnownFileType = image.png; path = sun_00047.png; sourceTree = "<group>"; };
		579606A71A49452F0022E1B3 /* sun_00048.png */ = {isa = PBXFileReference; lastKnownFileType = image.png; path = sun_00048.png; sourceTree = "<group>"; };
		579606A81A49452F0022E1B3 /* sun_00049.png */ = {isa = PBXFileReference; lastKnownFileType = image.png; path = sun_00049.png; sourceTree = "<group>"; };
		579606A91A49452F0022E1B3 /* sun_00050.png */ = {isa = PBXFileReference; lastKnownFileType = image.png; path = sun_00050.png; sourceTree = "<group>"; };
		579606AA1A49452F0022E1B3 /* sun_00051.png */ = {isa = PBXFileReference; lastKnownFileType = image.png; path = sun_00051.png; sourceTree = "<group>"; };
		579606AB1A49452F0022E1B3 /* sun_00052.png */ = {isa = PBXFileReference; lastKnownFileType = image.png; path = sun_00052.png; sourceTree = "<group>"; };
		579606AC1A49452F0022E1B3 /* sun_00053.png */ = {isa = PBXFileReference; lastKnownFileType = image.png; path = sun_00053.png; sourceTree = "<group>"; };
		579606AD1A49452F0022E1B3 /* sun_00054.png */ = {isa = PBXFileReference; lastKnownFileType = image.png; path = sun_00054.png; sourceTree = "<group>"; };
		579606AE1A49452F0022E1B3 /* sun_00055.png */ = {isa = PBXFileReference; lastKnownFileType = image.png; path = sun_00055.png; sourceTree = "<group>"; };
		579606AF1A49452F0022E1B3 /* sun_00056.png */ = {isa = PBXFileReference; lastKnownFileType = image.png; path = sun_00056.png; sourceTree = "<group>"; };
		579606B01A49452F0022E1B3 /* sun_00057.png */ = {isa = PBXFileReference; lastKnownFileType = image.png; path = sun_00057.png; sourceTree = "<group>"; };
		579606B11A49452F0022E1B3 /* sun_00058.png */ = {isa = PBXFileReference; lastKnownFileType = image.png; path = sun_00058.png; sourceTree = "<group>"; };
		579606B21A49452F0022E1B3 /* sun_00059.png */ = {isa = PBXFileReference; lastKnownFileType = image.png; path = sun_00059.png; sourceTree = "<group>"; };
		579606B31A49452F0022E1B3 /* sun_00060.png */ = {isa = PBXFileReference; lastKnownFileType = image.png; path = sun_00060.png; sourceTree = "<group>"; };
		579606B41A49452F0022E1B3 /* sun_00061.png */ = {isa = PBXFileReference; lastKnownFileType = image.png; path = sun_00061.png; sourceTree = "<group>"; };
		579606B51A49452F0022E1B3 /* sun_00062.png */ = {isa = PBXFileReference; lastKnownFileType = image.png; path = sun_00062.png; sourceTree = "<group>"; };
		579606B61A49452F0022E1B3 /* sun_00063.png */ = {isa = PBXFileReference; lastKnownFileType = image.png; path = sun_00063.png; sourceTree = "<group>"; };
		579606B71A49452F0022E1B3 /* sun_00064.png */ = {isa = PBXFileReference; lastKnownFileType = image.png; path = sun_00064.png; sourceTree = "<group>"; };
		579606B81A49452F0022E1B3 /* sun_00065.png */ = {isa = PBXFileReference; lastKnownFileType = image.png; path = sun_00065.png; sourceTree = "<group>"; };
		579606B91A49452F0022E1B3 /* sun_00066.png */ = {isa = PBXFileReference; lastKnownFileType = image.png; path = sun_00066.png; sourceTree = "<group>"; };
		579606BA1A49452F0022E1B3 /* sun_00067.png */ = {isa = PBXFileReference; lastKnownFileType = image.png; path = sun_00067.png; sourceTree = "<group>"; };
		579606BB1A49452F0022E1B3 /* sun_00068.png */ = {isa = PBXFileReference; lastKnownFileType = image.png; path = sun_00068.png; sourceTree = "<group>"; };
		579606BC1A49452F0022E1B3 /* sun_00069.png */ = {isa = PBXFileReference; lastKnownFileType = image.png; path = sun_00069.png; sourceTree = "<group>"; };
		579606BD1A49452F0022E1B3 /* sun_00070.png */ = {isa = PBXFileReference; lastKnownFileType = image.png; path = sun_00070.png; sourceTree = "<group>"; };
		579606BE1A49452F0022E1B3 /* sun_00071.png */ = {isa = PBXFileReference; lastKnownFileType = image.png; path = sun_00071.png; sourceTree = "<group>"; };
		579606BF1A49452F0022E1B3 /* sun_00072.png */ = {isa = PBXFileReference; lastKnownFileType = image.png; path = sun_00072.png; sourceTree = "<group>"; };
		579606C01A49452F0022E1B3 /* sun_00073.png */ = {isa = PBXFileReference; lastKnownFileType = image.png; path = sun_00073.png; sourceTree = "<group>"; };
		579606C11A49452F0022E1B3 /* sun_00074.png */ = {isa = PBXFileReference; lastKnownFileType = image.png; path = sun_00074.png; sourceTree = "<group>"; };
		579606C21A49452F0022E1B3 /* sun_00075.png */ = {isa = PBXFileReference; lastKnownFileType = image.png; path = sun_00075.png; sourceTree = "<group>"; };
		579606C31A49452F0022E1B3 /* sun_00076.png */ = {isa = PBXFileReference; lastKnownFileType = image.png; path = sun_00076.png; sourceTree = "<group>"; };
		579606C41A49452F0022E1B3 /* sun_00077.png */ = {isa = PBXFileReference; lastKnownFileType = image.png; path = sun_00077.png; sourceTree = "<group>"; };
		579606C51A49452F0022E1B3 /* sun_00078.png */ = {isa = PBXFileReference; lastKnownFileType = image.png; path = sun_00078.png; sourceTree = "<group>"; };
		579606C61A49452F0022E1B3 /* sun_00079.png */ = {isa = PBXFileReference; lastKnownFileType = image.png; path = sun_00079.png; sourceTree = "<group>"; };
		579606C71A49452F0022E1B3 /* sun_00080.png */ = {isa = PBXFileReference; lastKnownFileType = image.png; path = sun_00080.png; sourceTree = "<group>"; };
		579606C81A49452F0022E1B3 /* sun_00081.png */ = {isa = PBXFileReference; lastKnownFileType = image.png; path = sun_00081.png; sourceTree = "<group>"; };
		579606C91A49452F0022E1B3 /* sun_00082.png */ = {isa = PBXFileReference; lastKnownFileType = image.png; path = sun_00082.png; sourceTree = "<group>"; };
		579606CA1A49452F0022E1B3 /* sun_00083.png */ = {isa = PBXFileReference; lastKnownFileType = image.png; path = sun_00083.png; sourceTree = "<group>"; };
		579606CB1A49452F0022E1B3 /* sun_00084.png */ = {isa = PBXFileReference; lastKnownFileType = image.png; path = sun_00084.png; sourceTree = "<group>"; };
		579606CC1A49452F0022E1B3 /* sun_00085.png */ = {isa = PBXFileReference; lastKnownFileType = image.png; path = sun_00085.png; sourceTree = "<group>"; };
		579606CD1A49452F0022E1B3 /* sun_00086.png */ = {isa = PBXFileReference; lastKnownFileType = image.png; path = sun_00086.png; sourceTree = "<group>"; };
		579606CE1A49452F0022E1B3 /* sun_00087.png */ = {isa = PBXFileReference; lastKnownFileType = image.png; path = sun_00087.png; sourceTree = "<group>"; };
		579606CF1A49452F0022E1B3 /* sun_00088.png */ = {isa = PBXFileReference; lastKnownFileType = image.png; path = sun_00088.png; sourceTree = "<group>"; };
		579606D01A49452F0022E1B3 /* sun_00089.png */ = {isa = PBXFileReference; lastKnownFileType = image.png; path = sun_00089.png; sourceTree = "<group>"; };
		579606D11A49452F0022E1B3 /* sun_00090.png */ = {isa = PBXFileReference; lastKnownFileType = image.png; path = sun_00090.png; sourceTree = "<group>"; };
		579606D21A49452F0022E1B3 /* sun_00091.png */ = {isa = PBXFileReference; lastKnownFileType = image.png; path = sun_00091.png; sourceTree = "<group>"; };
		579606D31A49452F0022E1B3 /* sun_00092.png */ = {isa = PBXFileReference; lastKnownFileType = image.png; path = sun_00092.png; sourceTree = "<group>"; };
		579606D41A49452F0022E1B3 /* sun_00093.png */ = {isa = PBXFileReference; lastKnownFileType = image.png; path = sun_00093.png; sourceTree = "<group>"; };
		579606D51A49452F0022E1B3 /* sun_00094.png */ = {isa = PBXFileReference; lastKnownFileType = image.png; path = sun_00094.png; sourceTree = "<group>"; };
		579606D61A49452F0022E1B3 /* sun_00095.png */ = {isa = PBXFileReference; lastKnownFileType = image.png; path = sun_00095.png; sourceTree = "<group>"; };
		579606D71A49452F0022E1B3 /* sun_00096.png */ = {isa = PBXFileReference; lastKnownFileType = image.png; path = sun_00096.png; sourceTree = "<group>"; };
		579606D81A49452F0022E1B3 /* sun_00097.png */ = {isa = PBXFileReference; lastKnownFileType = image.png; path = sun_00097.png; sourceTree = "<group>"; };
		579606D91A49452F0022E1B3 /* sun_00098.png */ = {isa = PBXFileReference; lastKnownFileType = image.png; path = sun_00098.png; sourceTree = "<group>"; };
		579606DA1A49452F0022E1B3 /* sun_00099.png */ = {isa = PBXFileReference; lastKnownFileType = image.png; path = sun_00099.png; sourceTree = "<group>"; };
		579606DB1A49452F0022E1B3 /* sun_00100.png */ = {isa = PBXFileReference; lastKnownFileType = image.png; path = sun_00100.png; sourceTree = "<group>"; };
		579606DC1A49452F0022E1B3 /* sun_00101.png */ = {isa = PBXFileReference; lastKnownFileType = image.png; path = sun_00101.png; sourceTree = "<group>"; };
		579606DD1A49452F0022E1B3 /* sun_00102.png */ = {isa = PBXFileReference; lastKnownFileType = image.png; path = sun_00102.png; sourceTree = "<group>"; };
		579606DE1A49452F0022E1B3 /* sun_00103.png */ = {isa = PBXFileReference; lastKnownFileType = image.png; path = sun_00103.png; sourceTree = "<group>"; };
		579606DF1A49452F0022E1B3 /* sun_00104.png */ = {isa = PBXFileReference; lastKnownFileType = image.png; path = sun_00104.png; sourceTree = "<group>"; };
		579606E01A49452F0022E1B3 /* sun_00105.png */ = {isa = PBXFileReference; lastKnownFileType = image.png; path = sun_00105.png; sourceTree = "<group>"; };
		579606E11A49452F0022E1B3 /* sun_00106.png */ = {isa = PBXFileReference; lastKnownFileType = image.png; path = sun_00106.png; sourceTree = "<group>"; };
		579606E21A49452F0022E1B3 /* sun_00107.png */ = {isa = PBXFileReference; lastKnownFileType = image.png; path = sun_00107.png; sourceTree = "<group>"; };
		579606E31A49452F0022E1B3 /* sun_00108.png */ = {isa = PBXFileReference; lastKnownFileType = image.png; path = sun_00108.png; sourceTree = "<group>"; };
		579606E41A49452F0022E1B3 /* sun_00109.png */ = {isa = PBXFileReference; lastKnownFileType = image.png; path = sun_00109.png; sourceTree = "<group>"; };
		5796EC541A45AC8F0010CA73 /* WoeidNetOperation.h */ = {isa = PBXFileReference; fileEncoding = 4; lastKnownFileType = sourcecode.c.h; path = WoeidNetOperation.h; sourceTree = "<group>"; };
		5796EC551A45AC8F0010CA73 /* WoeidNetOperation.m */ = {isa = PBXFileReference; fileEncoding = 4; lastKnownFileType = sourcecode.c.objc; path = WoeidNetOperation.m; sourceTree = "<group>"; };
		5796EC571A45ACA40010CA73 /* WoeidModel.h */ = {isa = PBXFileReference; fileEncoding = 4; lastKnownFileType = sourcecode.c.h; path = WoeidModel.h; sourceTree = "<group>"; };
		5796EC581A45ACA40010CA73 /* WoeidModel.m */ = {isa = PBXFileReference; fileEncoding = 4; lastKnownFileType = sourcecode.c.objc; path = WoeidModel.m; sourceTree = "<group>"; };
		579AEB591A42A4C700C9AC1B /* PrefixHeader.pch */ = {isa = PBXFileReference; lastKnownFileType = sourcecode.c.h; path = PrefixHeader.pch; sourceTree = "<group>"; };
		579AEB7D1A42A8A200C9AC1B /* ViewController.h */ = {isa = PBXFileReference; fileEncoding = 4; lastKnownFileType = sourcecode.c.h; path = ViewController.h; sourceTree = "<group>"; };
		579AEB7E1A42A8A200C9AC1B /* ViewController.m */ = {isa = PBXFileReference; fileEncoding = 4; lastKnownFileType = sourcecode.c.objc; path = ViewController.m; sourceTree = "<group>"; };
		579AEBA81A42AB0E00C9AC1B /* RYNetOperation.h */ = {isa = PBXFileReference; fileEncoding = 4; lastKnownFileType = sourcecode.c.h; path = RYNetOperation.h; sourceTree = "<group>"; };
		579AEBA91A42AB0E00C9AC1B /* RYNetOperation.m */ = {isa = PBXFileReference; fileEncoding = 4; lastKnownFileType = sourcecode.c.objc; path = RYNetOperation.m; sourceTree = "<group>"; };
		579AEBAA1A42AB0E00C9AC1B /* RYRequest.h */ = {isa = PBXFileReference; fileEncoding = 4; lastKnownFileType = sourcecode.c.h; path = RYRequest.h; sourceTree = "<group>"; };
		579AEBAB1A42AB0E00C9AC1B /* RYRequest.m */ = {isa = PBXFileReference; fileEncoding = 4; lastKnownFileType = sourcecode.c.objc; path = RYRequest.m; sourceTree = "<group>"; };
		57CB0F3B1A46439800A83DC3 /* NSDictionary+OperationURL.h */ = {isa = PBXFileReference; fileEncoding = 4; lastKnownFileType = sourcecode.c.h; path = "NSDictionary+OperationURL.h"; sourceTree = "<group>"; };
		57CB0F3C1A46439800A83DC3 /* NSDictionary+OperationURL.m */ = {isa = PBXFileReference; fileEncoding = 4; lastKnownFileType = sourcecode.c.objc; path = "NSDictionary+OperationURL.m"; sourceTree = "<group>"; };
		57CB0F481A4659F500A83DC3 /* RYViewController.h */ = {isa = PBXFileReference; fileEncoding = 4; lastKnownFileType = sourcecode.c.h; path = RYViewController.h; sourceTree = "<group>"; };
		57CB0F491A4659F500A83DC3 /* RYViewController.m */ = {isa = PBXFileReference; fileEncoding = 4; lastKnownFileType = sourcecode.c.objc; path = RYViewController.m; sourceTree = "<group>"; };
		57CB0F4C1A4668CF00A83DC3 /* WeatherNetOperation.h */ = {isa = PBXFileReference; fileEncoding = 4; lastKnownFileType = sourcecode.c.h; path = WeatherNetOperation.h; sourceTree = "<group>"; };
		57CB0F4D1A4668CF00A83DC3 /* WeatherNetOperation.m */ = {isa = PBXFileReference; fileEncoding = 4; lastKnownFileType = sourcecode.c.objc; path = WeatherNetOperation.m; sourceTree = "<group>"; };
		57CB0F4F1A4668E500A83DC3 /* WeatherModel.h */ = {isa = PBXFileReference; fileEncoding = 4; lastKnownFileType = sourcecode.c.h; path = WeatherModel.h; sourceTree = "<group>"; };
		57CB0F501A4668E500A83DC3 /* WeatherModel.m */ = {isa = PBXFileReference; fileEncoding = 4; lastKnownFileType = sourcecode.c.objc; path = WeatherModel.m; sourceTree = "<group>"; };
		57CB0F521A466A7000A83DC3 /* Woeid.h */ = {isa = PBXFileReference; lastKnownFileType = sourcecode.c.h; path = Woeid.h; sourceTree = "<group>"; };
		57CB0F531A466AF700A83DC3 /* Weather.h */ = {isa = PBXFileReference; lastKnownFileType = sourcecode.c.h; path = Weather.h; sourceTree = "<group>"; };
		57CB0F541A466EC300A83DC3 /* ForeCastModel.h */ = {isa = PBXFileReference; fileEncoding = 4; lastKnownFileType = sourcecode.c.h; path = ForeCastModel.h; sourceTree = "<group>"; };
		57CB0F551A466EC300A83DC3 /* ForeCastModel.m */ = {isa = PBXFileReference; fileEncoding = 4; lastKnownFileType = sourcecode.c.objc; path = ForeCastModel.m; sourceTree = "<group>"; };
		57CB0F571A4671B400A83DC3 /* ConditionModel.h */ = {isa = PBXFileReference; fileEncoding = 4; lastKnownFileType = sourcecode.c.h; path = ConditionModel.h; sourceTree = "<group>"; };
		57CB0F581A4671B400A83DC3 /* ConditionModel.m */ = {isa = PBXFileReference; fileEncoding = 4; lastKnownFileType = sourcecode.c.objc; path = ConditionModel.m; sourceTree = "<group>"; };
		57CB0F5B1A469F3800A83DC3 /* RYNetObserver.h */ = {isa = PBXFileReference; fileEncoding = 4; lastKnownFileType = sourcecode.c.h; path = RYNetObserver.h; sourceTree = "<group>"; };
		57CB0F5C1A469F3800A83DC3 /* RYNetObserver.m */ = {isa = PBXFileReference; fileEncoding = 4; lastKnownFileType = sourcecode.c.objc; path = RYNetObserver.m; sourceTree = "<group>"; };
		57CB0F631A46B9FA00A83DC3 /* CoreLocation.framework */ = {isa = PBXFileReference; lastKnownFileType = wrapper.framework; name = CoreLocation.framework; path = System/Library/Frameworks/CoreLocation.framework; sourceTree = SDKROOT; };
		57CD73E61A46D40E00A00DF3 /* RYModel.h */ = {isa = PBXFileReference; fileEncoding = 4; lastKnownFileType = sourcecode.c.h; path = RYModel.h; sourceTree = "<group>"; };
		57CD73E71A46D40E00A00DF3 /* RYModel.m */ = {isa = PBXFileReference; fileEncoding = 4; lastKnownFileType = sourcecode.c.objc; path = RYModel.m; sourceTree = "<group>"; };
		57CD73EA1A46EC4E00A00DF3 /* RYCache.h */ = {isa = PBXFileReference; fileEncoding = 4; lastKnownFileType = sourcecode.c.h; path = RYCache.h; sourceTree = "<group>"; };
		57CD73EB1A46EC4E00A00DF3 /* RYCache.m */ = {isa = PBXFileReference; fileEncoding = 4; lastKnownFileType = sourcecode.c.objc; path = RYCache.m; sourceTree = "<group>"; };
		57CD73ED1A46F5CF00A00DF3 /* RYFrameWork.h */ = {isa = PBXFileReference; lastKnownFileType = sourcecode.c.h; path = RYFrameWork.h; sourceTree = "<group>"; };
		57CF3BF01A4A8BE800E2489F /* PanView.h */ = {isa = PBXFileReference; fileEncoding = 4; lastKnownFileType = sourcecode.c.h; path = PanView.h; sourceTree = "<group>"; };
		57CF3BF11A4A8BE800E2489F /* PanView.m */ = {isa = PBXFileReference; fileEncoding = 4; lastKnownFileType = sourcecode.c.objc; path = PanView.m; sourceTree = "<group>"; };
		57CF3BF31A4A997D00E2489F /* PanModel.h */ = {isa = PBXFileReference; fileEncoding = 4; lastKnownFileType = sourcecode.c.h; path = PanModel.h; sourceTree = "<group>"; };
		57CF3BF41A4A997D00E2489F /* PanModel.m */ = {isa = PBXFileReference; fileEncoding = 4; lastKnownFileType = sourcecode.c.objc; path = PanModel.m; sourceTree = "<group>"; };
		57D362301A513B7A0080BFC2 /* NavigationView.h */ = {isa = PBXFileReference; fileEncoding = 4; lastKnownFileType = sourcecode.c.h; path = NavigationView.h; sourceTree = "<group>"; };
		57D362311A513B7A0080BFC2 /* NavigationView.m */ = {isa = PBXFileReference; fileEncoding = 4; lastKnownFileType = sourcecode.c.objc; path = NavigationView.m; sourceTree = "<group>"; };
		57D362331A5146690080BFC2 /* SearchTableViewController.h */ = {isa = PBXFileReference; fileEncoding = 4; lastKnownFileType = sourcecode.c.h; path = SearchTableViewController.h; sourceTree = "<group>"; };
		57D362341A5146690080BFC2 /* SearchTableViewController.m */ = {isa = PBXFileReference; fileEncoding = 4; lastKnownFileType = sourcecode.c.objc; path = SearchTableViewController.m; sourceTree = "<group>"; };
		57D362361A5146940080BFC2 /* ControllerHeader.h */ = {isa = PBXFileReference; lastKnownFileType = sourcecode.c.h; path = ControllerHeader.h; sourceTree = "<group>"; };
		57DC65D11A52374000842AD4 /* RYLocationManager.h */ = {isa = PBXFileReference; fileEncoding = 4; lastKnownFileType = sourcecode.c.h; path = RYLocationManager.h; sourceTree = "<group>"; };
		57DC65D21A52374000842AD4 /* RYLocationManager.m */ = {isa = PBXFileReference; fileEncoding = 4; lastKnownFileType = sourcecode.c.objc; path = RYLocationManager.m; sourceTree = "<group>"; };
		5A14442401A72DA6647E1B75 /* libPods.a */ = {isa = PBXFileReference; explicitFileType = archive.ar; includeInIndex = 0; path = libPods.a; sourceTree = BUILT_PRODUCTS_DIR; };
		A40901FE1A37302C00EE891E /* TestTeamWork.app */ = {isa = PBXFileReference; explicitFileType = wrapper.application; includeInIndex = 0; path = TestTeamWork.app; sourceTree = BUILT_PRODUCTS_DIR; };
		A40902021A37302C00EE891E /* Info.plist */ = {isa = PBXFileReference; lastKnownFileType = text.plist.xml; path = Info.plist; sourceTree = "<group>"; };
		A40902031A37302C00EE891E /* main.m */ = {isa = PBXFileReference; lastKnownFileType = sourcecode.c.objc; path = main.m; sourceTree = "<group>"; };
		A40902051A37302C00EE891E /* AppDelegate.h */ = {isa = PBXFileReference; lastKnownFileType = sourcecode.c.h; path = AppDelegate.h; sourceTree = "<group>"; };
		A40902061A37302C00EE891E /* AppDelegate.m */ = {isa = PBXFileReference; lastKnownFileType = sourcecode.c.objc; path = AppDelegate.m; sourceTree = "<group>"; };
		A409020E1A37302C00EE891E /* Images.xcassets */ = {isa = PBXFileReference; lastKnownFileType = folder.assetcatalog; path = Images.xcassets; sourceTree = "<group>"; };
		A40902171A37302C00EE891E /* TestTeamWorkTests.xctest */ = {isa = PBXFileReference; explicitFileType = wrapper.cfbundle; includeInIndex = 0; path = TestTeamWorkTests.xctest; sourceTree = BUILT_PRODUCTS_DIR; };
		A409021C1A37302C00EE891E /* Info.plist */ = {isa = PBXFileReference; lastKnownFileType = text.plist.xml; path = Info.plist; sourceTree = "<group>"; };
		A409021D1A37302C00EE891E /* TestTeamWorkTests.m */ = {isa = PBXFileReference; lastKnownFileType = sourcecode.c.objc; path = TestTeamWorkTests.m; sourceTree = "<group>"; };
		B317F4F69F58E502273B05C2 /* Pods.release.xcconfig */ = {isa = PBXFileReference; includeInIndex = 1; lastKnownFileType = text.xcconfig; name = Pods.release.xcconfig; path = "Pods/Target Support Files/Pods/Pods.release.xcconfig"; sourceTree = "<group>"; };
		B42E01FB39FE0F10CCB7B4CD /* Pods.debug.xcconfig */ = {isa = PBXFileReference; includeInIndex = 1; lastKnownFileType = text.xcconfig; name = Pods.debug.xcconfig; path = "Pods/Target Support Files/Pods/Pods.debug.xcconfig"; sourceTree = "<group>"; };
/* End PBXFileReference section */

/* Begin PBXFrameworksBuildPhase section */
		A40901FB1A37302C00EE891E /* Frameworks */ = {
			isa = PBXFrameworksBuildPhase;
			buildActionMask = 2147483647;
			files = (
				3E791658A2C7426D95C62011 /* libPods.a in Frameworks */,
			);
			runOnlyForDeploymentPostprocessing = 0;
		};
		A40902141A37302C00EE891E /* Frameworks */ = {
			isa = PBXFrameworksBuildPhase;
			buildActionMask = 2147483647;
			files = (
			);
			runOnlyForDeploymentPostprocessing = 0;
		};
/* End PBXFrameworksBuildPhase section */

/* Begin PBXGroup section */
		579606751A49452F0022E1B3 /* Resource */ = {
			isa = PBXGroup;
			children = (
				579606761A49452F0022E1B3 /* YahooWeather */,
			);
			path = Resource;
			sourceTree = "<group>";
		};
		579606761A49452F0022E1B3 /* YahooWeather */ = {
			isa = PBXGroup;
			children = (
				579606771A49452F0022E1B3 /* sun_00000.png */,
				579606781A49452F0022E1B3 /* sun_00001.png */,
				579606791A49452F0022E1B3 /* sun_00002.png */,
				5796067A1A49452F0022E1B3 /* sun_00003.png */,
				5796067B1A49452F0022E1B3 /* sun_00004.png */,
				5796067C1A49452F0022E1B3 /* sun_00005.png */,
				5796067D1A49452F0022E1B3 /* sun_00006.png */,
				5796067E1A49452F0022E1B3 /* sun_00007.png */,
				5796067F1A49452F0022E1B3 /* sun_00008.png */,
				579606801A49452F0022E1B3 /* sun_00009.png */,
				579606811A49452F0022E1B3 /* sun_00010.png */,
				579606821A49452F0022E1B3 /* sun_00011.png */,
				579606831A49452F0022E1B3 /* sun_00012.png */,
				579606841A49452F0022E1B3 /* sun_00013.png */,
				579606851A49452F0022E1B3 /* sun_00014.png */,
				579606861A49452F0022E1B3 /* sun_00015.png */,
				579606871A49452F0022E1B3 /* sun_00016.png */,
				579606881A49452F0022E1B3 /* sun_00017.png */,
				579606891A49452F0022E1B3 /* sun_00018.png */,
				5796068A1A49452F0022E1B3 /* sun_00019.png */,
				5796068B1A49452F0022E1B3 /* sun_00020.png */,
				5796068C1A49452F0022E1B3 /* sun_00021.png */,
				5796068D1A49452F0022E1B3 /* sun_00022.png */,
				5796068E1A49452F0022E1B3 /* sun_00023.png */,
				5796068F1A49452F0022E1B3 /* sun_00024.png */,
				579606901A49452F0022E1B3 /* sun_00025.png */,
				579606911A49452F0022E1B3 /* sun_00026.png */,
				579606921A49452F0022E1B3 /* sun_00027.png */,
				579606931A49452F0022E1B3 /* sun_00028.png */,
				579606941A49452F0022E1B3 /* sun_00029.png */,
				579606951A49452F0022E1B3 /* sun_00030.png */,
				579606961A49452F0022E1B3 /* sun_00031.png */,
				579606971A49452F0022E1B3 /* sun_00032.png */,
				579606981A49452F0022E1B3 /* sun_00033.png */,
				579606991A49452F0022E1B3 /* sun_00034.png */,
				5796069A1A49452F0022E1B3 /* sun_00035.png */,
				5796069B1A49452F0022E1B3 /* sun_00036.png */,
				5796069C1A49452F0022E1B3 /* sun_00037.png */,
				5796069D1A49452F0022E1B3 /* sun_00038.png */,
				5796069E1A49452F0022E1B3 /* sun_00039.png */,
				5796069F1A49452F0022E1B3 /* sun_00040.png */,
				579606A01A49452F0022E1B3 /* sun_00041.png */,
				579606A11A49452F0022E1B3 /* sun_00042.png */,
				579606A21A49452F0022E1B3 /* sun_00043.png */,
				579606A31A49452F0022E1B3 /* sun_00044.png */,
				579606A41A49452F0022E1B3 /* sun_00045.png */,
				579606A51A49452F0022E1B3 /* sun_00046.png */,
				579606A61A49452F0022E1B3 /* sun_00047.png */,
				579606A71A49452F0022E1B3 /* sun_00048.png */,
				579606A81A49452F0022E1B3 /* sun_00049.png */,
				579606A91A49452F0022E1B3 /* sun_00050.png */,
				579606AA1A49452F0022E1B3 /* sun_00051.png */,
				579606AB1A49452F0022E1B3 /* sun_00052.png */,
				579606AC1A49452F0022E1B3 /* sun_00053.png */,
				579606AD1A49452F0022E1B3 /* sun_00054.png */,
				579606AE1A49452F0022E1B3 /* sun_00055.png */,
				579606AF1A49452F0022E1B3 /* sun_00056.png */,
				579606B01A49452F0022E1B3 /* sun_00057.png */,
				579606B11A49452F0022E1B3 /* sun_00058.png */,
				579606B21A49452F0022E1B3 /* sun_00059.png */,
				579606B31A49452F0022E1B3 /* sun_00060.png */,
				579606B41A49452F0022E1B3 /* sun_00061.png */,
				579606B51A49452F0022E1B3 /* sun_00062.png */,
				579606B61A49452F0022E1B3 /* sun_00063.png */,
				579606B71A49452F0022E1B3 /* sun_00064.png */,
				579606B81A49452F0022E1B3 /* sun_00065.png */,
				579606B91A49452F0022E1B3 /* sun_00066.png */,
				579606BA1A49452F0022E1B3 /* sun_00067.png */,
				579606BB1A49452F0022E1B3 /* sun_00068.png */,
				579606BC1A49452F0022E1B3 /* sun_00069.png */,
				579606BD1A49452F0022E1B3 /* sun_00070.png */,
				579606BE1A49452F0022E1B3 /* sun_00071.png */,
				579606BF1A49452F0022E1B3 /* sun_00072.png */,
				579606C01A49452F0022E1B3 /* sun_00073.png */,
				579606C11A49452F0022E1B3 /* sun_00074.png */,
				579606C21A49452F0022E1B3 /* sun_00075.png */,
				579606C31A49452F0022E1B3 /* sun_00076.png */,
				579606C41A49452F0022E1B3 /* sun_00077.png */,
				579606C51A49452F0022E1B3 /* sun_00078.png */,
				579606C61A49452F0022E1B3 /* sun_00079.png */,
				579606C71A49452F0022E1B3 /* sun_00080.png */,
				579606C81A49452F0022E1B3 /* sun_00081.png */,
				579606C91A49452F0022E1B3 /* sun_00082.png */,
				579606CA1A49452F0022E1B3 /* sun_00083.png */,
				579606CB1A49452F0022E1B3 /* sun_00084.png */,
				579606CC1A49452F0022E1B3 /* sun_00085.png */,
				579606CD1A49452F0022E1B3 /* sun_00086.png */,
				579606CE1A49452F0022E1B3 /* sun_00087.png */,
				579606CF1A49452F0022E1B3 /* sun_00088.png */,
				579606D01A49452F0022E1B3 /* sun_00089.png */,
				579606D11A49452F0022E1B3 /* sun_00090.png */,
				579606D21A49452F0022E1B3 /* sun_00091.png */,
				579606D31A49452F0022E1B3 /* sun_00092.png */,
				579606D41A49452F0022E1B3 /* sun_00093.png */,
				579606D51A49452F0022E1B3 /* sun_00094.png */,
				579606D61A49452F0022E1B3 /* sun_00095.png */,
				579606D71A49452F0022E1B3 /* sun_00096.png */,
				579606D81A49452F0022E1B3 /* sun_00097.png */,
				579606D91A49452F0022E1B3 /* sun_00098.png */,
				579606DA1A49452F0022E1B3 /* sun_00099.png */,
				579606DB1A49452F0022E1B3 /* sun_00100.png */,
				579606DC1A49452F0022E1B3 /* sun_00101.png */,
				579606DD1A49452F0022E1B3 /* sun_00102.png */,
				579606DE1A49452F0022E1B3 /* sun_00103.png */,
				579606DF1A49452F0022E1B3 /* sun_00104.png */,
				579606E01A49452F0022E1B3 /* sun_00105.png */,
				579606E11A49452F0022E1B3 /* sun_00106.png */,
				579606E21A49452F0022E1B3 /* sun_00107.png */,
				579606E31A49452F0022E1B3 /* sun_00108.png */,
				579606E41A49452F0022E1B3 /* sun_00109.png */,
			);
			path = YahooWeather;
			sourceTree = "<group>";
		};
		5796EC501A45AC300010CA73 /* Woeid */ = {
			isa = PBXGroup;
			children = (
				57CB0F521A466A7000A83DC3 /* Woeid.h */,
				5796EC541A45AC8F0010CA73 /* WoeidNetOperation.h */,
				5796EC551A45AC8F0010CA73 /* WoeidNetOperation.m */,
				5796EC571A45ACA40010CA73 /* WoeidModel.h */,
				5796EC581A45ACA40010CA73 /* WoeidModel.m */,
			);
			path = Woeid;
			sourceTree = "<group>";
		};
		579AEB7B1A42A8A200C9AC1B /* Class */ = {
			isa = PBXGroup;
			children = (
				579AEB971A42A8A200C9AC1B /* Model */,
				57CB0F3A1A46436700A83DC3 /* View */,
				579AEB7C1A42A8A200C9AC1B /* Controller */,
				57CB0F391A46436700A83DC3 /* Catelog */,
				579AEB7F1A42A8A200C9AC1B /* FrameWork */,
				579606751A49452F0022E1B3 /* Resource */,
			);
			path = Class;
			sourceTree = "<group>";
		};
		579AEB7C1A42A8A200C9AC1B /* Controller */ = {
			isa = PBXGroup;
			children = (
				57D362361A5146940080BFC2 /* ControllerHeader.h */,
				579AEB7D1A42A8A200C9AC1B /* ViewController.h */,
				579AEB7E1A42A8A200C9AC1B /* ViewController.m */,
				57D362331A5146690080BFC2 /* SearchTableViewController.h */,
				57D362341A5146690080BFC2 /* SearchTableViewController.m */,
				5747006F1A502D9C0018045B /* MenuViewController.h */,
				574700701A502D9C0018045B /* MenuViewController.m */,
			);
			path = Controller;
			sourceTree = "<group>";
		};
		579AEB7F1A42A8A200C9AC1B /* FrameWork */ = {
			isa = PBXGroup;
			children = (
				57CD73ED1A46F5CF00A00DF3 /* RYFrameWork.h */,
				57CD73E91A46EC3D00A00DF3 /* RYCache */,
				57CD73E51A46D40E00A00DF3 /* RYModel */,
				57CB0F5A1A469F1400A83DC3 /* RYNetObserver */,
				57CB0F441A4658C100A83DC3 /* RYViewController */,
				579AEBA71A42AB0E00C9AC1B /* RYNetOperation */,
				57DC65D01A52371400842AD4 /* RYLocationManager */,
			);
			path = FrameWork;
			sourceTree = "<group>";
		};
		579AEB971A42A8A200C9AC1B /* Model */ = {
			isa = PBXGroup;
			children = (
				57CB0F4B1A46688500A83DC3 /* WeatherForecast */,
				5796EC501A45AC300010CA73 /* Woeid */,
				57CF3BF31A4A997D00E2489F /* PanModel.h */,
				57CF3BF41A4A997D00E2489F /* PanModel.m */,
			);
			path = Model;
			sourceTree = "<group>";
		};
		579AEBA71A42AB0E00C9AC1B /* RYNetOperation */ = {
			isa = PBXGroup;
			children = (
				579AEBA81A42AB0E00C9AC1B /* RYNetOperation.h */,
				579AEBA91A42AB0E00C9AC1B /* RYNetOperation.m */,
				579AEBAA1A42AB0E00C9AC1B /* RYRequest.h */,
				579AEBAB1A42AB0E00C9AC1B /* RYRequest.m */,
			);
			path = RYNetOperation;
			sourceTree = "<group>";
		};
		57CB0F391A46436700A83DC3 /* Catelog */ = {
			isa = PBXGroup;
			children = (
				5796066F1A4943A10022E1B3 /* UIScrollView+GifPullToRefresh.h */,
				579606701A4943A10022E1B3 /* UIScrollView+GifPullToRefresh.m */,
				579605E91A48FECC0022E1B3 /* UIColor+hexColor.h */,
				579605EA1A48FECC0022E1B3 /* UIColor+hexColor.m */,
				57CB0F3B1A46439800A83DC3 /* NSDictionary+OperationURL.h */,
				57CB0F3C1A46439800A83DC3 /* NSDictionary+OperationURL.m */,
			);
			path = Catelog;
			sourceTree = "<group>";
		};
		57CB0F3A1A46436700A83DC3 /* View */ = {
			isa = PBXGroup;
			children = (
				579606721A4943DB0022E1B3 /* RefreshScrollView.h */,
				579606731A4943DB0022E1B3 /* RefreshScrollView.m */,
				57CF3BF01A4A8BE800E2489F /* PanView.h */,
				57CF3BF11A4A8BE800E2489F /* PanView.m */,
				57D362301A513B7A0080BFC2 /* NavigationView.h */,
				57D362311A513B7A0080BFC2 /* NavigationView.m */,
			);
			path = View;
			sourceTree = "<group>";
		};
		57CB0F441A4658C100A83DC3 /* RYViewController */ = {
			isa = PBXGroup;
			children = (
				57CB0F481A4659F500A83DC3 /* RYViewController.h */,
				57CB0F491A4659F500A83DC3 /* RYViewController.m */,
			);
			path = RYViewController;
			sourceTree = "<group>";
		};
		57CB0F4B1A46688500A83DC3 /* WeatherForecast */ = {
			isa = PBXGroup;
			children = (
				57CB0F531A466AF700A83DC3 /* Weather.h */,
				57CB0F4C1A4668CF00A83DC3 /* WeatherNetOperation.h */,
				57CB0F4D1A4668CF00A83DC3 /* WeatherNetOperation.m */,
				57CB0F4F1A4668E500A83DC3 /* WeatherModel.h */,
				57CB0F501A4668E500A83DC3 /* WeatherModel.m */,
				57CB0F541A466EC300A83DC3 /* ForeCastModel.h */,
				57CB0F551A466EC300A83DC3 /* ForeCastModel.m */,
				57CB0F571A4671B400A83DC3 /* ConditionModel.h */,
				57CB0F581A4671B400A83DC3 /* ConditionModel.m */,
			);
			path = WeatherForecast;
			sourceTree = "<group>";
		};
		57CB0F5A1A469F1400A83DC3 /* RYNetObserver */ = {
			isa = PBXGroup;
			children = (
				57CB0F5B1A469F3800A83DC3 /* RYNetObserver.h */,
				57CB0F5C1A469F3800A83DC3 /* RYNetObserver.m */,
			);
			path = RYNetObserver;
			sourceTree = "<group>";
		};
		57CD73E51A46D40E00A00DF3 /* RYModel */ = {
			isa = PBXGroup;
			children = (
				57CD73E61A46D40E00A00DF3 /* RYModel.h */,
				57CD73E71A46D40E00A00DF3 /* RYModel.m */,
			);
			path = RYModel;
			sourceTree = "<group>";
		};
		57CD73E91A46EC3D00A00DF3 /* RYCache */ = {
			isa = PBXGroup;
			children = (
				57CD73EA1A46EC4E00A00DF3 /* RYCache.h */,
				57CD73EB1A46EC4E00A00DF3 /* RYCache.m */,
			);
			path = RYCache;
			sourceTree = "<group>";
		};
		57DC65D01A52371400842AD4 /* RYLocationManager */ = {
			isa = PBXGroup;
			children = (
				57DC65D11A52374000842AD4 /* RYLocationManager.h */,
				57DC65D21A52374000842AD4 /* RYLocationManager.m */,
			);
			path = RYLocationManager;
			sourceTree = "<group>";
		};
		60C8EAF9A37A82E77AC136A6 /* Pods */ = {
			isa = PBXGroup;
			children = (
				B42E01FB39FE0F10CCB7B4CD /* Pods.debug.xcconfig */,
				B317F4F69F58E502273B05C2 /* Pods.release.xcconfig */,
			);
			name = Pods;
			sourceTree = "<group>";
		};
		670A4AE948CA9BDFEEBBEC4D /* Frameworks */ = {
			isa = PBXGroup;
			children = (
				57CB0F631A46B9FA00A83DC3 /* CoreLocation.framework */,
				5A14442401A72DA6647E1B75 /* libPods.a */,
			);
			name = Frameworks;
			sourceTree = "<group>";
		};
		A40901F51A37302C00EE891E = {
			isa = PBXGroup;
			children = (
				A40902001A37302C00EE891E /* TestTeamWork */,
				A409021A1A37302C00EE891E /* TestTeamWorkTests */,
				A40901FF1A37302C00EE891E /* Products */,
				60C8EAF9A37A82E77AC136A6 /* Pods */,
				670A4AE948CA9BDFEEBBEC4D /* Frameworks */,
			);
			sourceTree = "<group>";
		};
		A40901FF1A37302C00EE891E /* Products */ = {
			isa = PBXGroup;
			children = (
				A40901FE1A37302C00EE891E /* TestTeamWork.app */,
				A40902171A37302C00EE891E /* TestTeamWorkTests.xctest */,
			);
			name = Products;
			sourceTree = "<group>";
		};
		A40902001A37302C00EE891E /* TestTeamWork */ = {
			isa = PBXGroup;
			children = (
				579AEB7B1A42A8A200C9AC1B /* Class */,
				A40902051A37302C00EE891E /* AppDelegate.h */,
				A40902061A37302C00EE891E /* AppDelegate.m */,
				A409020E1A37302C00EE891E /* Images.xcassets */,
				A40902011A37302C00EE891E /* Supporting Files */,
			);
			path = TestTeamWork;
			sourceTree = "<group>";
		};
		A40902011A37302C00EE891E /* Supporting Files */ = {
			isa = PBXGroup;
			children = (
				A40902021A37302C00EE891E /* Info.plist */,
				A40902031A37302C00EE891E /* main.m */,
				579AEB591A42A4C700C9AC1B /* PrefixHeader.pch */,
			);
			name = "Supporting Files";
			sourceTree = "<group>";
		};
		A409021A1A37302C00EE891E /* TestTeamWorkTests */ = {
			isa = PBXGroup;
			children = (
				A409021D1A37302C00EE891E /* TestTeamWorkTests.m */,
				A409021B1A37302C00EE891E /* Supporting Files */,
			);
			path = TestTeamWorkTests;
			sourceTree = "<group>";
		};
		A409021B1A37302C00EE891E /* Supporting Files */ = {
			isa = PBXGroup;
			children = (
				A409021C1A37302C00EE891E /* Info.plist */,
			);
			name = "Supporting Files";
			sourceTree = "<group>";
		};
/* End PBXGroup section */

/* Begin PBXNativeTarget section */
		A40901FD1A37302C00EE891E /* TestTeamWork */ = {
			isa = PBXNativeTarget;
			buildConfigurationList = A40902211A37302C00EE891E /* Build configuration list for PBXNativeTarget "TestTeamWork" */;
			buildPhases = (
				B10C7C66EE4FB6A11DCC4AE5 /* Check Pods Manifest.lock */,
				A40901FA1A37302C00EE891E /* Sources */,
				A40901FB1A37302C00EE891E /* Frameworks */,
				A40901FC1A37302C00EE891E /* Resources */,
				9A7E55466515E28BE87F9042 /* Copy Pods Resources */,
			);
			buildRules = (
			);
			dependencies = (
			);
			name = TestTeamWork;
			productName = TestTeamWork;
			productReference = A40901FE1A37302C00EE891E /* TestTeamWork.app */;
			productType = "com.apple.product-type.application";
		};
		A40902161A37302C00EE891E /* TestTeamWorkTests */ = {
			isa = PBXNativeTarget;
			buildConfigurationList = A40902241A37302C00EE891E /* Build configuration list for PBXNativeTarget "TestTeamWorkTests" */;
			buildPhases = (
				A40902131A37302C00EE891E /* Sources */,
				A40902141A37302C00EE891E /* Frameworks */,
				A40902151A37302C00EE891E /* Resources */,
			);
			buildRules = (
			);
			dependencies = (
				A40902191A37302C00EE891E /* PBXTargetDependency */,
			);
			name = TestTeamWorkTests;
			productName = TestTeamWorkTests;
			productReference = A40902171A37302C00EE891E /* TestTeamWorkTests.xctest */;
			productType = "com.apple.product-type.bundle.unit-test";
		};
/* End PBXNativeTarget section */

/* Begin PBXProject section */
		A40901F61A37302C00EE891E /* Project object */ = {
			isa = PBXProject;
			attributes = {
				LastUpgradeCheck = 0610;
				ORGANIZATIONNAME = GE;
				TargetAttributes = {
					A40901FD1A37302C00EE891E = {
						CreatedOnToolsVersion = 6.1.1;
					};
					A40902161A37302C00EE891E = {
						CreatedOnToolsVersion = 6.1.1;
						TestTargetID = A40901FD1A37302C00EE891E;
					};
				};
			};
			buildConfigurationList = A40901F91A37302C00EE891E /* Build configuration list for PBXProject "TestTeamWork" */;
			compatibilityVersion = "Xcode 3.2";
			developmentRegion = English;
			hasScannedForEncodings = 0;
			knownRegions = (
				en,
				Base,
			);
			mainGroup = A40901F51A37302C00EE891E;
			productRefGroup = A40901FF1A37302C00EE891E /* Products */;
			projectDirPath = "";
			projectRoot = "";
			targets = (
				A40901FD1A37302C00EE891E /* TestTeamWork */,
				A40902161A37302C00EE891E /* TestTeamWorkTests */,
			);
		};
/* End PBXProject section */

/* Begin PBXResourcesBuildPhase section */
		A40901FC1A37302C00EE891E /* Resources */ = {
			isa = PBXResourcesBuildPhase;
			buildActionMask = 2147483647;
			files = (
				579606F11A49452F0022E1B3 /* sun_00012.png in Resources */,
				579607041A49452F0022E1B3 /* sun_00031.png in Resources */,
				579607501A49452F0022E1B3 /* sun_00107.png in Resources */,
				579607021A49452F0022E1B3 /* sun_00029.png in Resources */,
				5796070F1A49452F0022E1B3 /* sun_00042.png in Resources */,
				579607331A49452F0022E1B3 /* sun_00078.png in Resources */,
				579607361A49452F0022E1B3 /* sun_00081.png in Resources */,
				579607191A49452F0022E1B3 /* sun_00052.png in Resources */,
				579607401A49452F0022E1B3 /* sun_00091.png in Resources */,
				5796074D1A49452F0022E1B3 /* sun_00104.png in Resources */,
				5796074B1A49452F0022E1B3 /* sun_00102.png in Resources */,
				579607371A49452F0022E1B3 /* sun_00082.png in Resources */,
				579607271A49452F0022E1B3 /* sun_00066.png in Resources */,
				579606FF1A49452F0022E1B3 /* sun_00026.png in Resources */,
				579607321A49452F0022E1B3 /* sun_00077.png in Resources */,
				5796073B1A49452F0022E1B3 /* sun_00086.png in Resources */,
				579606FB1A49452F0022E1B3 /* sun_00022.png in Resources */,
				579607471A49452F0022E1B3 /* sun_00098.png in Resources */,
				579607251A49452F0022E1B3 /* sun_00064.png in Resources */,
				579607351A49452F0022E1B3 /* sun_00080.png in Resources */,
				579607171A49452F0022E1B3 /* sun_00050.png in Resources */,
				5796074C1A49452F0022E1B3 /* sun_00103.png in Resources */,
				579606F41A49452F0022E1B3 /* sun_00015.png in Resources */,
				5796073A1A49452F0022E1B3 /* sun_00085.png in Resources */,
				579607241A49452F0022E1B3 /* sun_00063.png in Resources */,
				5796073C1A49452F0022E1B3 /* sun_00087.png in Resources */,
				579607051A49452F0022E1B3 /* sun_00032.png in Resources */,
				A409020F1A37302C00EE891E /* Images.xcassets in Resources */,
				5796072D1A49452F0022E1B3 /* sun_00072.png in Resources */,
				579606F61A49452F0022E1B3 /* sun_00017.png in Resources */,
				579607061A49452F0022E1B3 /* sun_00033.png in Resources */,
				5796070C1A49452F0022E1B3 /* sun_00039.png in Resources */,
				579607201A49452F0022E1B3 /* sun_00059.png in Resources */,
				579607181A49452F0022E1B3 /* sun_00051.png in Resources */,
				5796073E1A49452F0022E1B3 /* sun_00089.png in Resources */,
				579607301A49452F0022E1B3 /* sun_00075.png in Resources */,
				579607291A49452F0022E1B3 /* sun_00068.png in Resources */,
				579607261A49452F0022E1B3 /* sun_00065.png in Resources */,
				579607491A49452F0022E1B3 /* sun_00100.png in Resources */,
				579607081A49452F0022E1B3 /* sun_00035.png in Resources */,
				579606EC1A49452F0022E1B3 /* sun_00007.png in Resources */,
				579607121A49452F0022E1B3 /* sun_00045.png in Resources */,
				579607221A49452F0022E1B3 /* sun_00061.png in Resources */,
				5796071D1A49452F0022E1B3 /* sun_00056.png in Resources */,
				579607511A49452F0022E1B3 /* sun_00108.png in Resources */,
				579607031A49452F0022E1B3 /* sun_00030.png in Resources */,
				5796070A1A49452F0022E1B3 /* sun_00037.png in Resources */,
				579606E91A49452F0022E1B3 /* sun_00004.png in Resources */,
				579606F21A49452F0022E1B3 /* sun_00013.png in Resources */,
				579606F81A49452F0022E1B3 /* sun_00019.png in Resources */,
				579606E61A49452F0022E1B3 /* sun_00001.png in Resources */,
				579606EB1A49452F0022E1B3 /* sun_00006.png in Resources */,
				579606E51A49452F0022E1B3 /* sun_00000.png in Resources */,
				579607461A49452F0022E1B3 /* sun_00097.png in Resources */,
				579606EE1A49452F0022E1B3 /* sun_00009.png in Resources */,
				579607141A49452F0022E1B3 /* sun_00047.png in Resources */,
				579607411A49452F0022E1B3 /* sun_00092.png in Resources */,
				5796071E1A49452F0022E1B3 /* sun_00057.png in Resources */,
				579607381A49452F0022E1B3 /* sun_00083.png in Resources */,
				579607211A49452F0022E1B3 /* sun_00060.png in Resources */,
				5796073D1A49452F0022E1B3 /* sun_00088.png in Resources */,
				579606FE1A49452F0022E1B3 /* sun_00025.png in Resources */,
				579607341A49452F0022E1B3 /* sun_00079.png in Resources */,
				5796070E1A49452F0022E1B3 /* sun_00041.png in Resources */,
				5796073F1A49452F0022E1B3 /* sun_00090.png in Resources */,
				5796074E1A49452F0022E1B3 /* sun_00105.png in Resources */,
				579607111A49452F0022E1B3 /* sun_00044.png in Resources */,
				5796071C1A49452F0022E1B3 /* sun_00055.png in Resources */,
				579607421A49452F0022E1B3 /* sun_00093.png in Resources */,
				5796071F1A49452F0022E1B3 /* sun_00058.png in Resources */,
				579606F01A49452F0022E1B3 /* sun_00011.png in Resources */,
				579607391A49452F0022E1B3 /* sun_00084.png in Resources */,
				579606FC1A49452F0022E1B3 /* sun_00023.png in Resources */,
				579607451A49452F0022E1B3 /* sun_00096.png in Resources */,
				5796070B1A49452F0022E1B3 /* sun_00038.png in Resources */,
				579606F31A49452F0022E1B3 /* sun_00014.png in Resources */,
				579607131A49452F0022E1B3 /* sun_00046.png in Resources */,
				579606E71A49452F0022E1B3 /* sun_00002.png in Resources */,
				579607441A49452F0022E1B3 /* sun_00095.png in Resources */,
				579607161A49452F0022E1B3 /* sun_00049.png in Resources */,
				5796072A1A49452F0022E1B3 /* sun_00069.png in Resources */,
				5796072C1A49452F0022E1B3 /* sun_00071.png in Resources */,
				579607481A49452F0022E1B3 /* sun_00099.png in Resources */,
				579607231A49452F0022E1B3 /* sun_00062.png in Resources */,
				5796072B1A49452F0022E1B3 /* sun_00070.png in Resources */,
				579607011A49452F0022E1B3 /* sun_00028.png in Resources */,
				579606F71A49452F0022E1B3 /* sun_00018.png in Resources */,
				579607001A49452F0022E1B3 /* sun_00027.png in Resources */,
				5796070D1A49452F0022E1B3 /* sun_00040.png in Resources */,
				579607101A49452F0022E1B3 /* sun_00043.png in Resources */,
				5796074F1A49452F0022E1B3 /* sun_00106.png in Resources */,
				5796074A1A49452F0022E1B3 /* sun_00101.png in Resources */,
				579607281A49452F0022E1B3 /* sun_00067.png in Resources */,
				579607151A49452F0022E1B3 /* sun_00048.png in Resources */,
				579606E81A49452F0022E1B3 /* sun_00003.png in Resources */,
				579607311A49452F0022E1B3 /* sun_00076.png in Resources */,
				579607431A49452F0022E1B3 /* sun_00094.png in Resources */,
				579607071A49452F0022E1B3 /* sun_00034.png in Resources */,
				5796072F1A49452F0022E1B3 /* sun_00074.png in Resources */,
				5796072E1A49452F0022E1B3 /* sun_00073.png in Resources */,
				5796071B1A49452F0022E1B3 /* sun_00054.png in Resources */,
				579606EA1A49452F0022E1B3 /* sun_00005.png in Resources */,
				579606FA1A49452F0022E1B3 /* sun_00021.png in Resources */,
				579606EF1A49452F0022E1B3 /* sun_00010.png in Resources */,
				5796071A1A49452F0022E1B3 /* sun_00053.png in Resources */,
				579606F51A49452F0022E1B3 /* sun_00016.png in Resources */,
				579607521A49452F0022E1B3 /* sun_00109.png in Resources */,
				579606FD1A49452F0022E1B3 /* sun_00024.png in Resources */,
				579606ED1A49452F0022E1B3 /* sun_00008.png in Resources */,
				579607091A49452F0022E1B3 /* sun_00036.png in Resources */,
				579606F91A49452F0022E1B3 /* sun_00020.png in Resources */,
			);
			runOnlyForDeploymentPostprocessing = 0;
		};
		A40902151A37302C00EE891E /* Resources */ = {
			isa = PBXResourcesBuildPhase;
			buildActionMask = 2147483647;
			files = (
			);
			runOnlyForDeploymentPostprocessing = 0;
		};
/* End PBXResourcesBuildPhase section */

/* Begin PBXShellScriptBuildPhase section */
		9A7E55466515E28BE87F9042 /* Copy Pods Resources */ = {
			isa = PBXShellScriptBuildPhase;
			buildActionMask = 2147483647;
			files = (
			);
			inputPaths = (
			);
			name = "Copy Pods Resources";
			outputPaths = (
			);
			runOnlyForDeploymentPostprocessing = 0;
			shellPath = /bin/sh;
			shellScript = "\"${SRCROOT}/Pods/Target Support Files/Pods/Pods-resources.sh\"\n";
			showEnvVarsInLog = 0;
		};
		B10C7C66EE4FB6A11DCC4AE5 /* Check Pods Manifest.lock */ = {
			isa = PBXShellScriptBuildPhase;
			buildActionMask = 2147483647;
			files = (
			);
			inputPaths = (
			);
			name = "Check Pods Manifest.lock";
			outputPaths = (
			);
			runOnlyForDeploymentPostprocessing = 0;
			shellPath = /bin/sh;
			shellScript = "diff \"${PODS_ROOT}/../Podfile.lock\" \"${PODS_ROOT}/Manifest.lock\" > /dev/null\nif [[ $? != 0 ]] ; then\n    cat << EOM\nerror: The sandbox is not in sync with the Podfile.lock. Run 'pod install' or update your CocoaPods installation.\nEOM\n    exit 1\nfi\n";
			showEnvVarsInLog = 0;
		};
/* End PBXShellScriptBuildPhase section */

/* Begin PBXSourcesBuildPhase section */
		A40901FA1A37302C00EE891E /* Sources */ = {
			isa = PBXSourcesBuildPhase;
			buildActionMask = 2147483647;
			files = (
				579606711A4943A10022E1B3 /* UIScrollView+GifPullToRefresh.m in Sources */,
				579AEB991A42A8A200C9AC1B /* ViewController.m in Sources */,
				579605EB1A48FECC0022E1B3 /* UIColor+hexColor.m in Sources */,
				57D362351A5146690080BFC2 /* SearchTableViewController.m in Sources */,
				57CF3BF51A4A997D00E2489F /* PanModel.m in Sources */,
				A40902071A37302C00EE891E /* AppDelegate.m in Sources */,
				5796EC591A45ACA40010CA73 /* WoeidModel.m in Sources */,
				57CD73EC1A46EC4E00A00DF3 /* RYCache.m in Sources */,
				57CB0F591A4671B400A83DC3 /* ConditionModel.m in Sources */,
				57CB0F3D1A46439800A83DC3 /* NSDictionary+OperationURL.m in Sources */,
				574700711A502D9C0018045B /* MenuViewController.m in Sources */,
				579AEBAD1A42AB0E00C9AC1B /* RYRequest.m in Sources */,
				57CB0F4E1A4668CF00A83DC3 /* WeatherNetOperation.m in Sources */,
				57CB0F511A4668E500A83DC3 /* WeatherModel.m in Sources */,
				57CB0F5D1A469F3800A83DC3 /* RYNetObserver.m in Sources */,
				57CB0F561A466EC300A83DC3 /* ForeCastModel.m in Sources */,
				579AEBAC1A42AB0E00C9AC1B /* RYNetOperation.m in Sources */,
				57CF3BF21A4A8BE800E2489F /* PanView.m in Sources */,
				57CD73E81A46D40E00A00DF3 /* RYModel.m in Sources */,
				5796EC561A45AC8F0010CA73 /* WoeidNetOperation.m in Sources */,
				A40902041A37302C00EE891E /* main.m in Sources */,
				57DC65D31A52374000842AD4 /* RYLocationManager.m in Sources */,
				57D362321A513B7A0080BFC2 /* NavigationView.m in Sources */,
				579606741A4943DB0022E1B3 /* RefreshScrollView.m in Sources */,
				57CB0F4A1A4659F500A83DC3 /* RYViewController.m in Sources */,
			);
			runOnlyForDeploymentPostprocessing = 0;
		};
		A40902131A37302C00EE891E /* Sources */ = {
			isa = PBXSourcesBuildPhase;
			buildActionMask = 2147483647;
			files = (
				A409021E1A37302C00EE891E /* TestTeamWorkTests.m in Sources */,
			);
			runOnlyForDeploymentPostprocessing = 0;
		};
/* End PBXSourcesBuildPhase section */

/* Begin PBXTargetDependency section */
		A40902191A37302C00EE891E /* PBXTargetDependency */ = {
			isa = PBXTargetDependency;
			target = A40901FD1A37302C00EE891E /* TestTeamWork */;
			targetProxy = A40902181A37302C00EE891E /* PBXContainerItemProxy */;
		};
/* End PBXTargetDependency section */

/* Begin XCBuildConfiguration section */
		A409021F1A37302C00EE891E /* Debug */ = {
			isa = XCBuildConfiguration;
			buildSettings = {
				ALWAYS_SEARCH_USER_PATHS = NO;
				CLANG_CXX_LANGUAGE_STANDARD = "gnu++0x";
				CLANG_CXX_LIBRARY = "libc++";
				CLANG_ENABLE_MODULES = YES;
				CLANG_ENABLE_OBJC_ARC = YES;
				CLANG_WARN_BOOL_CONVERSION = YES;
				CLANG_WARN_CONSTANT_CONVERSION = YES;
				CLANG_WARN_DIRECT_OBJC_ISA_USAGE = YES_ERROR;
				CLANG_WARN_EMPTY_BODY = YES;
				CLANG_WARN_ENUM_CONVERSION = YES;
				CLANG_WARN_INT_CONVERSION = YES;
				CLANG_WARN_OBJC_ROOT_CLASS = YES_ERROR;
				CLANG_WARN_UNREACHABLE_CODE = YES;
				CLANG_WARN__DUPLICATE_METHOD_MATCH = YES;
				"CODE_SIGN_IDENTITY[sdk=iphoneos*]" = "iPhone Developer";
				COPY_PHASE_STRIP = NO;
				ENABLE_STRICT_OBJC_MSGSEND = YES;
				GCC_C_LANGUAGE_STANDARD = gnu99;
				GCC_DYNAMIC_NO_PIC = NO;
				GCC_OPTIMIZATION_LEVEL = 0;
				GCC_PREPROCESSOR_DEFINITIONS = (
					"DEBUG=1",
					"$(inherited)",
				);
				GCC_SYMBOLS_PRIVATE_EXTERN = NO;
				GCC_WARN_64_TO_32_BIT_CONVERSION = YES;
				GCC_WARN_ABOUT_RETURN_TYPE = YES_ERROR;
				GCC_WARN_UNDECLARED_SELECTOR = YES;
				GCC_WARN_UNINITIALIZED_AUTOS = YES_AGGRESSIVE;
				GCC_WARN_UNUSED_FUNCTION = YES;
				GCC_WARN_UNUSED_VARIABLE = YES;
				IPHONEOS_DEPLOYMENT_TARGET = 8.1;
				MTL_ENABLE_DEBUG_INFO = YES;
				ONLY_ACTIVE_ARCH = YES;
				SDKROOT = iphoneos;
			};
			name = Debug;
		};
		A40902201A37302C00EE891E /* Release */ = {
			isa = XCBuildConfiguration;
			buildSettings = {
				ALWAYS_SEARCH_USER_PATHS = NO;
				CLANG_CXX_LANGUAGE_STANDARD = "gnu++0x";
				CLANG_CXX_LIBRARY = "libc++";
				CLANG_ENABLE_MODULES = YES;
				CLANG_ENABLE_OBJC_ARC = YES;
				CLANG_WARN_BOOL_CONVERSION = YES;
				CLANG_WARN_CONSTANT_CONVERSION = YES;
				CLANG_WARN_DIRECT_OBJC_ISA_USAGE = YES_ERROR;
				CLANG_WARN_EMPTY_BODY = YES;
				CLANG_WARN_ENUM_CONVERSION = YES;
				CLANG_WARN_INT_CONVERSION = YES;
				CLANG_WARN_OBJC_ROOT_CLASS = YES_ERROR;
				CLANG_WARN_UNREACHABLE_CODE = YES;
				CLANG_WARN__DUPLICATE_METHOD_MATCH = YES;
				"CODE_SIGN_IDENTITY[sdk=iphoneos*]" = "iPhone Developer";
				COPY_PHASE_STRIP = YES;
				ENABLE_NS_ASSERTIONS = NO;
				ENABLE_STRICT_OBJC_MSGSEND = YES;
				GCC_C_LANGUAGE_STANDARD = gnu99;
				GCC_WARN_64_TO_32_BIT_CONVERSION = YES;
				GCC_WARN_ABOUT_RETURN_TYPE = YES_ERROR;
				GCC_WARN_UNDECLARED_SELECTOR = YES;
				GCC_WARN_UNINITIALIZED_AUTOS = YES_AGGRESSIVE;
				GCC_WARN_UNUSED_FUNCTION = YES;
				GCC_WARN_UNUSED_VARIABLE = YES;
				IPHONEOS_DEPLOYMENT_TARGET = 8.1;
				MTL_ENABLE_DEBUG_INFO = NO;
				SDKROOT = iphoneos;
				VALIDATE_PRODUCT = YES;
			};
			name = Release;
		};
		A40902221A37302C00EE891E /* Debug */ = {
			isa = XCBuildConfiguration;
			baseConfigurationReference = B42E01FB39FE0F10CCB7B4CD /* Pods.debug.xcconfig */;
			buildSettings = {
				ASSETCATALOG_COMPILER_APPICON_NAME = AppIcon;
				ASSETCATALOG_COMPILER_LAUNCHIMAGE_NAME = LaunchImage;
				GCC_PREFIX_HEADER = TestTeamWork/PrefixHeader.pch;
				INFOPLIST_FILE = TestTeamWork/Info.plist;
				IPHONEOS_DEPLOYMENT_TARGET = 7.0;
				LD_RUNPATH_SEARCH_PATHS = "$(inherited) @executable_path/Frameworks";
				PRODUCT_NAME = "$(TARGET_NAME)";
			};
			name = Debug;
		};
		A40902231A37302C00EE891E /* Release */ = {
			isa = XCBuildConfiguration;
			baseConfigurationReference = B317F4F69F58E502273B05C2 /* Pods.release.xcconfig */;
			buildSettings = {
				ASSETCATALOG_COMPILER_APPICON_NAME = AppIcon;
				ASSETCATALOG_COMPILER_LAUNCHIMAGE_NAME = LaunchImage;
				GCC_PREFIX_HEADER = TestTeamWork/PrefixHeader.pch;
				INFOPLIST_FILE = TestTeamWork/Info.plist;
				IPHONEOS_DEPLOYMENT_TARGET = 7.0;
				LD_RUNPATH_SEARCH_PATHS = "$(inherited) @executable_path/Frameworks";
				PRODUCT_NAME = "$(TARGET_NAME)";
			};
			name = Release;
		};
		A40902251A37302C00EE891E /* Debug */ = {
			isa = XCBuildConfiguration;
			buildSettings = {
				BUNDLE_LOADER = "$(TEST_HOST)";
				FRAMEWORK_SEARCH_PATHS = (
					"$(SDKROOT)/Developer/Library/Frameworks",
					"$(inherited)",
				);
				GCC_PREPROCESSOR_DEFINITIONS = (
					"DEBUG=1",
					"$(inherited)",
				);
				INFOPLIST_FILE = TestTeamWorkTests/Info.plist;
				LD_RUNPATH_SEARCH_PATHS = "$(inherited) @executable_path/Frameworks @loader_path/Frameworks";
				PRODUCT_NAME = "$(TARGET_NAME)";
				TEST_HOST = "$(BUILT_PRODUCTS_DIR)/TestTeamWork.app/TestTeamWork";
			};
			name = Debug;
		};
		A40902261A37302C00EE891E /* Release */ = {
			isa = XCBuildConfiguration;
			buildSettings = {
				BUNDLE_LOADER = "$(TEST_HOST)";
				FRAMEWORK_SEARCH_PATHS = (
					"$(SDKROOT)/Developer/Library/Frameworks",
					"$(inherited)",
				);
				INFOPLIST_FILE = TestTeamWorkTests/Info.plist;
				LD_RUNPATH_SEARCH_PATHS = "$(inherited) @executable_path/Frameworks @loader_path/Frameworks";
				PRODUCT_NAME = "$(TARGET_NAME)";
				TEST_HOST = "$(BUILT_PRODUCTS_DIR)/TestTeamWork.app/TestTeamWork";
			};
			name = Release;
		};
/* End XCBuildConfiguration section */

/* Begin XCConfigurationList section */
		A40901F91A37302C00EE891E /* Build configuration list for PBXProject "TestTeamWork" */ = {
			isa = XCConfigurationList;
			buildConfigurations = (
				A409021F1A37302C00EE891E /* Debug */,
				A40902201A37302C00EE891E /* Release */,
			);
			defaultConfigurationIsVisible = 0;
			defaultConfigurationName = Release;
		};
		A40902211A37302C00EE891E /* Build configuration list for PBXNativeTarget "TestTeamWork" */ = {
			isa = XCConfigurationList;
			buildConfigurations = (
				A40902221A37302C00EE891E /* Debug */,
				A40902231A37302C00EE891E /* Release */,
			);
			defaultConfigurationIsVisible = 0;
			defaultConfigurationName = Release;
		};
		A40902241A37302C00EE891E /* Build configuration list for PBXNativeTarget "TestTeamWorkTests" */ = {
			isa = XCConfigurationList;
			buildConfigurations = (
				A40902251A37302C00EE891E /* Debug */,
				A40902261A37302C00EE891E /* Release */,
			);
			defaultConfigurationIsVisible = 0;
			defaultConfigurationName = Release;
		};
/* End XCConfigurationList section */
	};
	rootObject = A40901F61A37302C00EE891E /* Project object */;
}
